// !$*UTF8*$!
{
	archiveVersion = 1;
	classes = {
	};
	objectVersion = 51;
	objects = {

/* Begin PBXBuildFile section */
		3620EED960352464F3E317B6 /* Pods_kTranslate.framework in Frameworks */ = {isa = PBXBuildFile; fileRef = 80D60C686D95A68F6DD4A77E /* Pods_kTranslate.framework */; };
		85B255A622AFDC470084272A /* ServiceManagement.framework in Frameworks */ = {isa = PBXBuildFile; fileRef = 85B255A522AFDC470084272A /* ServiceManagement.framework */; };
		85DE7D5422AFD3FD00568C80 /* CTWindowController.swift in Sources */ = {isa = PBXBuildFile; fileRef = 85DE7D5322AFD3FD00568C80 /* CTWindowController.swift */; };
		85E68B2D232138FF00AEBB26 /* ExNSMenuItem.swift in Sources */ = {isa = PBXBuildFile; fileRef = 85E68B2C232138FF00AEBB26 /* ExNSMenuItem.swift */; };
		85E68B2F2321590500AEBB26 /* Setting_About.swift in Sources */ = {isa = PBXBuildFile; fileRef = 85E68B2E2321590500AEBB26 /* Setting_About.swift */; };
		85E68B31232161A500AEBB26 /* Setting_Preference.swift in Sources */ = {isa = PBXBuildFile; fileRef = 85E68B30232161A500AEBB26 /* Setting_Preference.swift */; };
		D204813122B885C200369A6D /* DBManager.swift in Sources */ = {isa = PBXBuildFile; fileRef = D204813022B885C200369A6D /* DBManager.swift */; };
		D204813322B885E300369A6D /* DBSticker.swift in Sources */ = {isa = PBXBuildFile; fileRef = D204813222B885E300369A6D /* DBSticker.swift */; };
		D204813522B8861B00369A6D /* libsqlite3.0.tbd in Frameworks */ = {isa = PBXBuildFile; fileRef = D204813422B8861B00369A6D /* libsqlite3.0.tbd */; };
		D22A423722B32D1800ADE25C /* Constants.swift in Sources */ = {isa = PBXBuildFile; fileRef = D22A423622B32D1800ADE25C /* Constants.swift */; };
		D2C0358C2320E30500E3BEEF /* Setting.storyboard in Resources */ = {isa = PBXBuildFile; fileRef = D2C0358B2320E30500E3BEEF /* Setting.storyboard */; };
		D2C035912320E49400E3BEEF /* ExNSColor.swift in Sources */ = {isa = PBXBuildFile; fileRef = D2C035902320E49400E3BEEF /* ExNSColor.swift */; };
		D2C035932320E8F200E3BEEF /* ExNSStoryboard.swift in Sources */ = {isa = PBXBuildFile; fileRef = D2C035922320E8F200E3BEEF /* ExNSStoryboard.swift */; };
		D2C035952320E9BA00E3BEEF /* ExControl.swift in Sources */ = {isa = PBXBuildFile; fileRef = D2C035942320E9BA00E3BEEF /* ExControl.swift */; };
		D2C035982320EED900E3BEEF /* ExUserDefaults.swift in Sources */ = {isa = PBXBuildFile; fileRef = D2C035972320EED900E3BEEF /* ExUserDefaults.swift */; };
		D2C0359B232103A600E3BEEF /* Main_Container.swift in Sources */ = {isa = PBXBuildFile; fileRef = D2C0359A232103A600E3BEEF /* Main_Container.swift */; };
		D2C0359D2321043400E3BEEF /* CTContainerViewController.swift in Sources */ = {isa = PBXBuildFile; fileRef = D2C0359C2321043400E3BEEF /* CTContainerViewController.swift */; };
		D2C0359F23210B5F00E3BEEF /* CustomButton.swift in Sources */ = {isa = PBXBuildFile; fileRef = D2C0359E23210B5F00E3BEEF /* CustomButton.swift */; };
		D2C035A523210DF700E3BEEF /* Main_Chatting.swift in Sources */ = {isa = PBXBuildFile; fileRef = D2C035A223210DF600E3BEEF /* Main_Chatting.swift */; };
		D2C035A623210DF700E3BEEF /* ChooseLanguageCell.xib in Resources */ = {isa = PBXBuildFile; fileRef = D2C035A323210DF600E3BEEF /* ChooseLanguageCell.xib */; };
		D2C035A723210DF700E3BEEF /* Main_ChooseLanguage.swift in Sources */ = {isa = PBXBuildFile; fileRef = D2C035A423210DF600E3BEEF /* Main_ChooseLanguage.swift */; };
		D2C035AB23210E0A00E3BEEF /* Translator.swift in Sources */ = {isa = PBXBuildFile; fileRef = D2C035A923210E0A00E3BEEF /* Translator.swift */; };
		D2C035AC23210E0A00E3BEEF /* DefaultTranslate.swift in Sources */ = {isa = PBXBuildFile; fileRef = D2C035AA23210E0A00E3BEEF /* DefaultTranslate.swift */; };
		D2C035B023210E1900E3BEEF /* Toast.swift in Sources */ = {isa = PBXBuildFile; fileRef = D2C035AD23210E1900E3BEEF /* Toast.swift */; };
		D2C035B123210E1900E3BEEF /* Presenter.swift in Sources */ = {isa = PBXBuildFile; fileRef = D2C035AE23210E1900E3BEEF /* Presenter.swift */; };
		D2C035B223210E1900E3BEEF /* MessageBox.swift in Sources */ = {isa = PBXBuildFile; fileRef = D2C035AF23210E1900E3BEEF /* MessageBox.swift */; };
		D2C035B423210E3400E3BEEF /* ExNSView.swift in Sources */ = {isa = PBXBuildFile; fileRef = D2C035B323210E3400E3BEEF /* ExNSView.swift */; };
		D2CFDD2422B1E72E0056314B /* CTCircleButton.swift in Sources */ = {isa = PBXBuildFile; fileRef = D2CFDD2322B1E72E0056314B /* CTCircleButton.swift */; };
		D2D3B83722AF5DB70086909D /* Assets.xcassets in Resources */ = {isa = PBXBuildFile; fileRef = D2D3B83622AF5DB70086909D /* Assets.xcassets */; };
		D2D3B85322AF5E260086909D /* Settings_Left.swift in Sources */ = {isa = PBXBuildFile; fileRef = D2D3B84422AF5E260086909D /* Settings_Left.swift */; };
		D2D3B85422AF5E260086909D /* Settings.storyboard in Resources */ = {isa = PBXBuildFile; fileRef = D2D3B84522AF5E260086909D /* Settings.storyboard */; };
		D2D3B85522AF5E260086909D /* Settings_Preferences.swift in Sources */ = {isa = PBXBuildFile; fileRef = D2D3B84622AF5E260086909D /* Settings_Preferences.swift */; };
		D2D3B85622AF5E260086909D /* Settings_About.swift in Sources */ = {isa = PBXBuildFile; fileRef = D2D3B84722AF5E260086909D /* Settings_About.swift */; };
		D2D3B85722AF5E260086909D /* Settings_Welcome.swift in Sources */ = {isa = PBXBuildFile; fileRef = D2D3B84822AF5E260086909D /* Settings_Welcome.swift */; };
		D2D3B85822AF5E260086909D /* AppDelegate.swift in Sources */ = {isa = PBXBuildFile; fileRef = D2D3B84922AF5E260086909D /* AppDelegate.swift */; };
		D2D3B85922AF5E260086909D /* MainPopOverVC.swift in Sources */ = {isa = PBXBuildFile; fileRef = D2D3B84B22AF5E260086909D /* MainPopOverVC.swift */; };
		D2D3B85A22AF5E260086909D /* Main.storyboard in Resources */ = {isa = PBXBuildFile; fileRef = D2D3B84C22AF5E260086909D /* Main.storyboard */; };
		D2D3B85B22AF5E260086909D /* HotKeyManager.swift in Sources */ = {isa = PBXBuildFile; fileRef = D2D3B84F22AF5E260086909D /* HotKeyManager.swift */; };
		D2D3B85C22AF5E260086909D /* CommonUtil.swift in Sources */ = {isa = PBXBuildFile; fileRef = D2D3B85022AF5E260086909D /* CommonUtil.swift */; };
		D2D3B85D22AF5E260086909D /* PopoverController.swift in Sources */ = {isa = PBXBuildFile; fileRef = D2D3B85122AF5E260086909D /* PopoverController.swift */; };
		D2D3B86122AF6F3E0086909D /* AutoLogin.swift in Sources */ = {isa = PBXBuildFile; fileRef = D2D3B86022AF6F3E0086909D /* AutoLogin.swift */; };
		D2D3B86922AF6F8F0086909D /* AppDelegate.swift in Sources */ = {isa = PBXBuildFile; fileRef = D2D3B86822AF6F8F0086909D /* AppDelegate.swift */; };
		D2D3B86D22AF6F900086909D /* Assets.xcassets in Resources */ = {isa = PBXBuildFile; fileRef = D2D3B86C22AF6F900086909D /* Assets.xcassets */; };
		D2D3B87022AF6F900086909D /* Main.storyboard in Resources */ = {isa = PBXBuildFile; fileRef = D2D3B86E22AF6F900086909D /* Main.storyboard */; };
		D2D3B87822AF70750086909D /* LauncherApplication.app in Copy Launcher Application */ = {isa = PBXBuildFile; fileRef = D2D3B86622AF6F8F0086909D /* LauncherApplication.app */; settings = {ATTRIBUTES = (RemoveHeadersOnCopy, ); }; };
/* End PBXBuildFile section */

/* Begin PBXCopyFilesBuildPhase section */
		D2D3B87722AF70640086909D /* Copy Launcher Application */ = {
			isa = PBXCopyFilesBuildPhase;
			buildActionMask = 12;
			dstPath = Contents/Library/LoginItems;
			dstSubfolderSpec = 1;
			files = (
				D2D3B87822AF70750086909D /* LauncherApplication.app in Copy Launcher Application */,
			);
			name = "Copy Launcher Application";
			runOnlyForDeploymentPostprocessing = 0;
		};
/* End PBXCopyFilesBuildPhase section */

/* Begin PBXFileReference section */
		21BF06A3D7A1191B67245582 /* Pods-kTranslate.debug.xcconfig */ = {isa = PBXFileReference; includeInIndex = 1; lastKnownFileType = text.xcconfig; name = "Pods-kTranslate.debug.xcconfig"; path = "Target Support Files/Pods-kTranslate/Pods-kTranslate.debug.xcconfig"; sourceTree = "<group>"; };
		80D60C686D95A68F6DD4A77E /* Pods_kTranslate.framework */ = {isa = PBXFileReference; explicitFileType = wrapper.framework; includeInIndex = 0; path = Pods_kTranslate.framework; sourceTree = BUILT_PRODUCTS_DIR; };
		85B255A522AFDC470084272A /* ServiceManagement.framework */ = {isa = PBXFileReference; lastKnownFileType = wrapper.framework; name = ServiceManagement.framework; path = System/Library/Frameworks/ServiceManagement.framework; sourceTree = SDKROOT; };
		85DE7D5322AFD3FD00568C80 /* CTWindowController.swift */ = {isa = PBXFileReference; lastKnownFileType = sourcecode.swift; path = CTWindowController.swift; sourceTree = "<group>"; };
		85E68B2C232138FF00AEBB26 /* ExNSMenuItem.swift */ = {isa = PBXFileReference; lastKnownFileType = sourcecode.swift; path = ExNSMenuItem.swift; sourceTree = "<group>"; };
		85E68B2E2321590500AEBB26 /* Setting_About.swift */ = {isa = PBXFileReference; lastKnownFileType = sourcecode.swift; path = Setting_About.swift; sourceTree = "<group>"; };
		85E68B30232161A500AEBB26 /* Setting_Preference.swift */ = {isa = PBXFileReference; lastKnownFileType = sourcecode.swift; path = Setting_Preference.swift; sourceTree = "<group>"; };
		A4F9F6EDEBCC55AB8A70A37B /* Pods-kTranslate.release.xcconfig */ = {isa = PBXFileReference; includeInIndex = 1; lastKnownFileType = text.xcconfig; name = "Pods-kTranslate.release.xcconfig"; path = "Target Support Files/Pods-kTranslate/Pods-kTranslate.release.xcconfig"; sourceTree = "<group>"; };
		D204813022B885C200369A6D /* DBManager.swift */ = {isa = PBXFileReference; lastKnownFileType = sourcecode.swift; path = DBManager.swift; sourceTree = "<group>"; };
		D204813222B885E300369A6D /* DBSticker.swift */ = {isa = PBXFileReference; lastKnownFileType = sourcecode.swift; path = DBSticker.swift; sourceTree = "<group>"; };
		D204813422B8861B00369A6D /* libsqlite3.0.tbd */ = {isa = PBXFileReference; lastKnownFileType = "sourcecode.text-based-dylib-definition"; name = libsqlite3.0.tbd; path = usr/lib/libsqlite3.0.tbd; sourceTree = SDKROOT; };
		D22A423622B32D1800ADE25C /* Constants.swift */ = {isa = PBXFileReference; lastKnownFileType = sourcecode.swift; path = Constants.swift; sourceTree = "<group>"; };
		D2C0358B2320E30500E3BEEF /* Setting.storyboard */ = {isa = PBXFileReference; lastKnownFileType = file.storyboard; path = Setting.storyboard; sourceTree = "<group>"; };
		D2C035902320E49400E3BEEF /* ExNSColor.swift */ = {isa = PBXFileReference; lastKnownFileType = sourcecode.swift; path = ExNSColor.swift; sourceTree = "<group>"; };
		D2C035922320E8F200E3BEEF /* ExNSStoryboard.swift */ = {isa = PBXFileReference; lastKnownFileType = sourcecode.swift; path = ExNSStoryboard.swift; sourceTree = "<group>"; };
		D2C035942320E9BA00E3BEEF /* ExControl.swift */ = {isa = PBXFileReference; lastKnownFileType = sourcecode.swift; path = ExControl.swift; sourceTree = "<group>"; };
		D2C035972320EED900E3BEEF /* ExUserDefaults.swift */ = {isa = PBXFileReference; lastKnownFileType = sourcecode.swift; path = ExUserDefaults.swift; sourceTree = "<group>"; };
		D2C0359A232103A600E3BEEF /* Main_Container.swift */ = {isa = PBXFileReference; lastKnownFileType = sourcecode.swift; path = Main_Container.swift; sourceTree = "<group>"; };
		D2C0359C2321043400E3BEEF /* CTContainerViewController.swift */ = {isa = PBXFileReference; lastKnownFileType = sourcecode.swift; path = CTContainerViewController.swift; sourceTree = "<group>"; };
		D2C0359E23210B5F00E3BEEF /* CustomButton.swift */ = {isa = PBXFileReference; lastKnownFileType = sourcecode.swift; path = CustomButton.swift; sourceTree = "<group>"; };
		D2C035A223210DF600E3BEEF /* Main_Chatting.swift */ = {isa = PBXFileReference; fileEncoding = 4; lastKnownFileType = sourcecode.swift; path = Main_Chatting.swift; sourceTree = "<group>"; };
		D2C035A323210DF600E3BEEF /* ChooseLanguageCell.xib */ = {isa = PBXFileReference; fileEncoding = 4; lastKnownFileType = file.xib; path = ChooseLanguageCell.xib; sourceTree = "<group>"; };
		D2C035A423210DF600E3BEEF /* Main_ChooseLanguage.swift */ = {isa = PBXFileReference; fileEncoding = 4; lastKnownFileType = sourcecode.swift; path = Main_ChooseLanguage.swift; sourceTree = "<group>"; };
		D2C035A923210E0A00E3BEEF /* Translator.swift */ = {isa = PBXFileReference; fileEncoding = 4; lastKnownFileType = sourcecode.swift; path = Translator.swift; sourceTree = "<group>"; };
		D2C035AA23210E0A00E3BEEF /* DefaultTranslate.swift */ = {isa = PBXFileReference; fileEncoding = 4; lastKnownFileType = sourcecode.swift; path = DefaultTranslate.swift; sourceTree = "<group>"; };
		D2C035AD23210E1900E3BEEF /* Toast.swift */ = {isa = PBXFileReference; fileEncoding = 4; lastKnownFileType = sourcecode.swift; path = Toast.swift; sourceTree = "<group>"; };
		D2C035AE23210E1900E3BEEF /* Presenter.swift */ = {isa = PBXFileReference; fileEncoding = 4; lastKnownFileType = sourcecode.swift; path = Presenter.swift; sourceTree = "<group>"; };
		D2C035AF23210E1900E3BEEF /* MessageBox.swift */ = {isa = PBXFileReference; fileEncoding = 4; lastKnownFileType = sourcecode.swift; path = MessageBox.swift; sourceTree = "<group>"; };
		D2C035B323210E3400E3BEEF /* ExNSView.swift */ = {isa = PBXFileReference; lastKnownFileType = sourcecode.swift; path = ExNSView.swift; sourceTree = "<group>"; };
		D2CFDD2322B1E72E0056314B /* CTCircleButton.swift */ = {isa = PBXFileReference; lastKnownFileType = sourcecode.swift; path = CTCircleButton.swift; sourceTree = "<group>"; };
		D2D3B82F22AF5DB60086909D /* kTranslate.app */ = {isa = PBXFileReference; explicitFileType = wrapper.application; includeInIndex = 0; path = kTranslate.app; sourceTree = BUILT_PRODUCTS_DIR; };
		D2D3B83622AF5DB70086909D /* Assets.xcassets */ = {isa = PBXFileReference; lastKnownFileType = folder.assetcatalog; path = Assets.xcassets; sourceTree = "<group>"; };
		D2D3B83B22AF5DB70086909D /* Info.plist */ = {isa = PBXFileReference; lastKnownFileType = text.plist.xml; path = Info.plist; sourceTree = "<group>"; };
		D2D3B83C22AF5DB70086909D /* kTranslate.entitlements */ = {isa = PBXFileReference; lastKnownFileType = text.plist.entitlements; path = kTranslate.entitlements; sourceTree = "<group>"; };
		D2D3B84422AF5E260086909D /* Settings_Left.swift */ = {isa = PBXFileReference; fileEncoding = 4; lastKnownFileType = sourcecode.swift; path = Settings_Left.swift; sourceTree = "<group>"; };
		D2D3B84522AF5E260086909D /* Settings.storyboard */ = {isa = PBXFileReference; fileEncoding = 4; lastKnownFileType = file.storyboard; path = Settings.storyboard; sourceTree = "<group>"; };
		D2D3B84622AF5E260086909D /* Settings_Preferences.swift */ = {isa = PBXFileReference; fileEncoding = 4; lastKnownFileType = sourcecode.swift; path = Settings_Preferences.swift; sourceTree = "<group>"; };
		D2D3B84722AF5E260086909D /* Settings_About.swift */ = {isa = PBXFileReference; fileEncoding = 4; lastKnownFileType = sourcecode.swift; path = Settings_About.swift; sourceTree = "<group>"; };
		D2D3B84822AF5E260086909D /* Settings_Welcome.swift */ = {isa = PBXFileReference; fileEncoding = 4; lastKnownFileType = sourcecode.swift; path = Settings_Welcome.swift; sourceTree = "<group>"; };
		D2D3B84922AF5E260086909D /* AppDelegate.swift */ = {isa = PBXFileReference; fileEncoding = 4; lastKnownFileType = sourcecode.swift; path = AppDelegate.swift; sourceTree = "<group>"; };
		D2D3B84B22AF5E260086909D /* MainPopOverVC.swift */ = {isa = PBXFileReference; fileEncoding = 4; lastKnownFileType = sourcecode.swift; path = MainPopOverVC.swift; sourceTree = "<group>"; };
		D2D3B84D22AF5E260086909D /* Base */ = {isa = PBXFileReference; lastKnownFileType = file.storyboard; name = Base; path = Base.lproj/Main.storyboard; sourceTree = "<group>"; };
		D2D3B84F22AF5E260086909D /* HotKeyManager.swift */ = {isa = PBXFileReference; fileEncoding = 4; lastKnownFileType = sourcecode.swift; path = HotKeyManager.swift; sourceTree = "<group>"; };
		D2D3B85022AF5E260086909D /* CommonUtil.swift */ = {isa = PBXFileReference; fileEncoding = 4; lastKnownFileType = sourcecode.swift; path = CommonUtil.swift; sourceTree = "<group>"; };
		D2D3B85122AF5E260086909D /* PopoverController.swift */ = {isa = PBXFileReference; fileEncoding = 4; lastKnownFileType = sourcecode.swift; path = PopoverController.swift; sourceTree = "<group>"; };
		D2D3B86022AF6F3E0086909D /* AutoLogin.swift */ = {isa = PBXFileReference; lastKnownFileType = sourcecode.swift; path = AutoLogin.swift; sourceTree = "<group>"; };
		D2D3B86622AF6F8F0086909D /* LauncherApplication.app */ = {isa = PBXFileReference; explicitFileType = wrapper.application; includeInIndex = 0; path = LauncherApplication.app; sourceTree = BUILT_PRODUCTS_DIR; };
		D2D3B86822AF6F8F0086909D /* AppDelegate.swift */ = {isa = PBXFileReference; lastKnownFileType = sourcecode.swift; path = AppDelegate.swift; sourceTree = "<group>"; };
		D2D3B86C22AF6F900086909D /* Assets.xcassets */ = {isa = PBXFileReference; lastKnownFileType = folder.assetcatalog; path = Assets.xcassets; sourceTree = "<group>"; };
		D2D3B86F22AF6F900086909D /* Base */ = {isa = PBXFileReference; lastKnownFileType = file.storyboard; name = Base; path = Base.lproj/Main.storyboard; sourceTree = "<group>"; };
		D2D3B87122AF6F900086909D /* Info.plist */ = {isa = PBXFileReference; lastKnownFileType = text.plist.xml; path = Info.plist; sourceTree = "<group>"; };
		D2D3B87222AF6F900086909D /* LauncherApplication.entitlements */ = {isa = PBXFileReference; lastKnownFileType = text.plist.entitlements; path = LauncherApplication.entitlements; sourceTree = "<group>"; };
/* End PBXFileReference section */

/* Begin PBXFrameworksBuildPhase section */
		D2D3B82C22AF5DB60086909D /* Frameworks */ = {
			isa = PBXFrameworksBuildPhase;
			buildActionMask = 2147483647;
			files = (
				D204813522B8861B00369A6D /* libsqlite3.0.tbd in Frameworks */,
				85B255A622AFDC470084272A /* ServiceManagement.framework in Frameworks */,
				3620EED960352464F3E317B6 /* Pods_kTranslate.framework in Frameworks */,
			);
			runOnlyForDeploymentPostprocessing = 0;
		};
		D2D3B86322AF6F8F0086909D /* Frameworks */ = {
			isa = PBXFrameworksBuildPhase;
			buildActionMask = 2147483647;
			files = (
			);
			runOnlyForDeploymentPostprocessing = 0;
		};
/* End PBXFrameworksBuildPhase section */

/* Begin PBXGroup section */
		D204811B22B8858300369A6D /* Database */ = {
			isa = PBXGroup;
			children = (
				D204813022B885C200369A6D /* DBManager.swift */,
				D204813222B885E300369A6D /* DBSticker.swift */,
			);
			path = Database;
			sourceTree = "<group>";
		};
		D26994B4603421D65477EE75 /* Frameworks */ = {
			isa = PBXGroup;
			children = (
				D204813422B8861B00369A6D /* libsqlite3.0.tbd */,
				85B255A522AFDC470084272A /* ServiceManagement.framework */,
				80D60C686D95A68F6DD4A77E /* Pods_kTranslate.framework */,
			);
			name = Frameworks;
			sourceTree = "<group>";
		};
		D2C0358A2320E2EC00E3BEEF /* Setting */ = {
			isa = PBXGroup;
			children = (
				D2C0358B2320E30500E3BEEF /* Setting.storyboard */,
				85E68B2E2321590500AEBB26 /* Setting_About.swift */,
				85E68B30232161A500AEBB26 /* Setting_Preference.swift */,
			);
			path = Setting;
			sourceTree = "<group>";
		};
		D2C0358F2320E48000E3BEEF /* Ex */ = {
			isa = PBXGroup;
			children = (
				D2C035902320E49400E3BEEF /* ExNSColor.swift */,
				D2C035922320E8F200E3BEEF /* ExNSStoryboard.swift */,
				D2C035942320E9BA00E3BEEF /* ExControl.swift */,
				D2C035972320EED900E3BEEF /* ExUserDefaults.swift */,
				D2C035B323210E3400E3BEEF /* ExNSView.swift */,
				85E68B2C232138FF00AEBB26 /* ExNSMenuItem.swift */,
			);
			path = Ex;
			sourceTree = "<group>";
		};
		D2C035962320EA2600E3BEEF /* Popover */ = {
			isa = PBXGroup;
			children = (
				D2D3B85122AF5E260086909D /* PopoverController.swift */,
			);
			path = Popover;
			sourceTree = "<group>";
		};
		D2C035992321006D00E3BEEF /* HotKeyManager */ = {
			isa = PBXGroup;
			children = (
				D2D3B84F22AF5E260086909D /* HotKeyManager.swift */,
			);
			path = HotKeyManager;
			sourceTree = "<group>";
		};
		D2C035A823210E0A00E3BEEF /* ViewModels */ = {
			isa = PBXGroup;
			children = (
				D2C035A923210E0A00E3BEEF /* Translator.swift */,
				D2C035AA23210E0A00E3BEEF /* DefaultTranslate.swift */,
			);
			path = ViewModels;
			sourceTree = "<group>";
		};
		D2D3B82622AF5DB60086909D = {
			isa = PBXGroup;
			children = (
				D2D3B83122AF5DB60086909D /* kTranslate */,
				D2D3B86722AF6F8F0086909D /* LauncherApplication */,
				D2D3B83022AF5DB60086909D /* Products */,
				D26994B4603421D65477EE75 /* Frameworks */,
				E729EEFB204BB04AF2227E13 /* Pods */,
			);
			sourceTree = "<group>";
		};
		D2D3B83022AF5DB60086909D /* Products */ = {
			isa = PBXGroup;
			children = (
				D2D3B82F22AF5DB60086909D /* kTranslate.app */,
				D2D3B86622AF6F8F0086909D /* LauncherApplication.app */,
			);
			name = Products;
			sourceTree = "<group>";
		};
		D2D3B83122AF5DB60086909D /* kTranslate */ = {
			isa = PBXGroup;
			children = (
				D2D3B84922AF5E260086909D /* AppDelegate.swift */,
				D2C035A823210E0A00E3BEEF /* ViewModels */,
				D2D3B84222AF5E260086909D /* ViewControllers */,
				D2D3B85F22AF5E380086909D /* SupportFiles */,
			);
			path = kTranslate;
			sourceTree = "<group>";
		};
		D2D3B84222AF5E260086909D /* ViewControllers */ = {
			isa = PBXGroup;
			children = (
				D2D3B84A22AF5E260086909D /* Main */,
				D2C0358A2320E2EC00E3BEEF /* Setting */,
				D2D3B84322AF5E260086909D /* Settings */,
			);
			path = ViewControllers;
			sourceTree = "<group>";
		};
		D2D3B84322AF5E260086909D /* Settings */ = {
			isa = PBXGroup;
			children = (
				D2D3B84522AF5E260086909D /* Settings.storyboard */,
				D2D3B84422AF5E260086909D /* Settings_Left.swift */,
				D2D3B84822AF5E260086909D /* Settings_Welcome.swift */,
				D2D3B84622AF5E260086909D /* Settings_Preferences.swift */,
				D2D3B84722AF5E260086909D /* Settings_About.swift */,
			);
			path = Settings;
			sourceTree = "<group>";
		};
		D2D3B84A22AF5E260086909D /* Main */ = {
			isa = PBXGroup;
			children = (
				D2D3B84C22AF5E260086909D /* Main.storyboard */,
				D2C0359A232103A600E3BEEF /* Main_Container.swift */,
				D2C035A223210DF600E3BEEF /* Main_Chatting.swift */,
				D2C035A423210DF600E3BEEF /* Main_ChooseLanguage.swift */,
				D2C035A323210DF600E3BEEF /* ChooseLanguageCell.xib */,
				D2D3B84B22AF5E260086909D /* MainPopOverVC.swift */,
			);
			path = Main;
			sourceTree = "<group>";
		};
		D2D3B84E22AF5E260086909D /* Common */ = {
			isa = PBXGroup;
			children = (
				D2C0358F2320E48000E3BEEF /* Ex */,
				D204811B22B8858300369A6D /* Database */,
				D22A423622B32D1800ADE25C /* Constants.swift */,
				D2D3B85022AF5E260086909D /* CommonUtil.swift */,
				D2D3B86022AF6F3E0086909D /* AutoLogin.swift */,
			);
			path = Common;
			sourceTree = "<group>";
		};
		D2D3B85F22AF5E380086909D /* SupportFiles */ = {
			isa = PBXGroup;
			children = (
				D2C035992321006D00E3BEEF /* HotKeyManager */,
				D2C035962320EA2600E3BEEF /* Popover */,
				D2D6D8F222C061A8009D0C8F /* View */,
				D2D3B84E22AF5E260086909D /* Common */,
				D2D3B83622AF5DB70086909D /* Assets.xcassets */,
				D2D3B83B22AF5DB70086909D /* Info.plist */,
				D2D3B83C22AF5DB70086909D /* kTranslate.entitlements */,
			);
			path = SupportFiles;
			sourceTree = "<group>";
		};
		D2D3B86722AF6F8F0086909D /* LauncherApplication */ = {
			isa = PBXGroup;
			children = (
				D2D3B86822AF6F8F0086909D /* AppDelegate.swift */,
				D2D3B86C22AF6F900086909D /* Assets.xcassets */,
				D2D3B86E22AF6F900086909D /* Main.storyboard */,
				D2D3B87122AF6F900086909D /* Info.plist */,
				D2D3B87222AF6F900086909D /* LauncherApplication.entitlements */,
			);
			path = LauncherApplication;
			sourceTree = "<group>";
		};
		D2D6D8F222C061A8009D0C8F /* View */ = {
			isa = PBXGroup;
			children = (
				85DE7D5322AFD3FD00568C80 /* CTWindowController.swift */,
				D2CFDD2322B1E72E0056314B /* CTCircleButton.swift */,
				D2C0359C2321043400E3BEEF /* CTContainerViewController.swift */,
				D2C035AF23210E1900E3BEEF /* MessageBox.swift */,
				D2C035AE23210E1900E3BEEF /* Presenter.swift */,
				D2C035AD23210E1900E3BEEF /* Toast.swift */,
				D2C0359E23210B5F00E3BEEF /* CustomButton.swift */,
			);
			path = View;
			sourceTree = "<group>";
		};
		E729EEFB204BB04AF2227E13 /* Pods */ = {
			isa = PBXGroup;
			children = (
				21BF06A3D7A1191B67245582 /* Pods-kTranslate.debug.xcconfig */,
				A4F9F6EDEBCC55AB8A70A37B /* Pods-kTranslate.release.xcconfig */,
			);
			path = Pods;
			sourceTree = "<group>";
		};
/* End PBXGroup section */

/* Begin PBXNativeTarget section */
		D2D3B82E22AF5DB60086909D /* kTranslate */ = {
			isa = PBXNativeTarget;
			buildConfigurationList = D2D3B83F22AF5DB70086909D /* Build configuration list for PBXNativeTarget "kTranslate" */;
			buildPhases = (
				59FA635CD6BB8A14FFD4B8AD /* [CP] Check Pods Manifest.lock */,
				D2D3B82B22AF5DB60086909D /* Sources */,
				D2D3B82C22AF5DB60086909D /* Frameworks */,
				D2D3B82D22AF5DB60086909D /* Resources */,
				D2D3B87722AF70640086909D /* Copy Launcher Application */,
				14235A1137CF417ADA83C5B3 /* [CP] Embed Pods Frameworks */,
			);
			buildRules = (
			);
			dependencies = (
			);
			name = kTranslate;
			productName = kTranslate;
			productReference = D2D3B82F22AF5DB60086909D /* kTranslate.app */;
			productType = "com.apple.product-type.application";
		};
		D2D3B86522AF6F8F0086909D /* LauncherApplication */ = {
			isa = PBXNativeTarget;
			buildConfigurationList = D2D3B87322AF6F900086909D /* Build configuration list for PBXNativeTarget "LauncherApplication" */;
			buildPhases = (
				D2D3B86222AF6F8F0086909D /* Sources */,
				D2D3B86322AF6F8F0086909D /* Frameworks */,
				D2D3B86422AF6F8F0086909D /* Resources */,
			);
			buildRules = (
			);
			dependencies = (
			);
			name = LauncherApplication;
			productName = LauncherApplication;
			productReference = D2D3B86622AF6F8F0086909D /* LauncherApplication.app */;
			productType = "com.apple.product-type.application";
		};
/* End PBXNativeTarget section */

/* Begin PBXProject section */
		D2D3B82722AF5DB60086909D /* Project object */ = {
			isa = PBXProject;
			attributes = {
				LastSwiftUpdateCheck = 1020;
				LastUpgradeCheck = 1020;
				ORGANIZATIONNAME = bugking;
				TargetAttributes = {
					D2D3B82E22AF5DB60086909D = {
						CreatedOnToolsVersion = 10.2.1;
						SystemCapabilities = {
							com.apple.ApplicationGroups.Mac = {
								enabled = 0;
							};
							com.apple.HardenedRuntime = {
								enabled = 0;
							};
							com.apple.Keychain = {
								enabled = 0;
							};
							com.apple.Sandbox = {
								enabled = 1;
							};
						};
					};
					D2D3B86522AF6F8F0086909D = {
						CreatedOnToolsVersion = 10.2.1;
						SystemCapabilities = {
							com.apple.Sandbox = {
								enabled = 1;
							};
						};
					};
				};
			};
			buildConfigurationList = D2D3B82A22AF5DB60086909D /* Build configuration list for PBXProject "kTranslate" */;
			compatibilityVersion = "Xcode 9.3";
			developmentRegion = en;
			hasScannedForEncodings = 0;
			knownRegions = (
				en,
				Base,
			);
			mainGroup = D2D3B82622AF5DB60086909D;
			productRefGroup = D2D3B83022AF5DB60086909D /* Products */;
			projectDirPath = "";
			projectRoot = "";
			targets = (
				D2D3B82E22AF5DB60086909D /* kTranslate */,
				D2D3B86522AF6F8F0086909D /* LauncherApplication */,
			);
		};
/* End PBXProject section */

/* Begin PBXResourcesBuildPhase section */
		D2D3B82D22AF5DB60086909D /* Resources */ = {
			isa = PBXResourcesBuildPhase;
			buildActionMask = 2147483647;
			files = (
				D2D3B85422AF5E260086909D /* Settings.storyboard in Resources */,
				D2D3B83722AF5DB70086909D /* Assets.xcassets in Resources */,
				D2D3B85A22AF5E260086909D /* Main.storyboard in Resources */,
				D2C035A623210DF700E3BEEF /* ChooseLanguageCell.xib in Resources */,
				D2C0358C2320E30500E3BEEF /* Setting.storyboard in Resources */,
			);
			runOnlyForDeploymentPostprocessing = 0;
		};
		D2D3B86422AF6F8F0086909D /* Resources */ = {
			isa = PBXResourcesBuildPhase;
			buildActionMask = 2147483647;
			files = (
				D2D3B86D22AF6F900086909D /* Assets.xcassets in Resources */,
				D2D3B87022AF6F900086909D /* Main.storyboard in Resources */,
			);
			runOnlyForDeploymentPostprocessing = 0;
		};
/* End PBXResourcesBuildPhase section */

/* Begin PBXShellScriptBuildPhase section */
		14235A1137CF417ADA83C5B3 /* [CP] Embed Pods Frameworks */ = {
			isa = PBXShellScriptBuildPhase;
			buildActionMask = 2147483647;
			files = (
			);
			inputFileListPaths = (
				"${PODS_ROOT}/Target Support Files/Pods-kTranslate/Pods-kTranslate-frameworks-${CONFIGURATION}-input-files.xcfilelist",
			);
			name = "[CP] Embed Pods Frameworks";
			outputFileListPaths = (
				"${PODS_ROOT}/Target Support Files/Pods-kTranslate/Pods-kTranslate-frameworks-${CONFIGURATION}-output-files.xcfilelist",
			);
			runOnlyForDeploymentPostprocessing = 0;
			shellPath = /bin/sh;
			shellScript = "\"${PODS_ROOT}/Target Support Files/Pods-kTranslate/Pods-kTranslate-frameworks.sh\"\n";
			showEnvVarsInLog = 0;
		};
		59FA635CD6BB8A14FFD4B8AD /* [CP] Check Pods Manifest.lock */ = {
			isa = PBXShellScriptBuildPhase;
			buildActionMask = 2147483647;
			files = (
			);
			inputFileListPaths = (
			);
			inputPaths = (
				"${PODS_PODFILE_DIR_PATH}/Podfile.lock",
				"${PODS_ROOT}/Manifest.lock",
			);
			name = "[CP] Check Pods Manifest.lock";
			outputFileListPaths = (
			);
			outputPaths = (
				"$(DERIVED_FILE_DIR)/Pods-kTranslate-checkManifestLockResult.txt",
			);
			runOnlyForDeploymentPostprocessing = 0;
			shellPath = /bin/sh;
			shellScript = "diff \"${PODS_PODFILE_DIR_PATH}/Podfile.lock\" \"${PODS_ROOT}/Manifest.lock\" > /dev/null\nif [ $? != 0 ] ; then\n    # print error to STDERR\n    echo \"error: The sandbox is not in sync with the Podfile.lock. Run 'pod install' or update your CocoaPods installation.\" >&2\n    exit 1\nfi\n# This output is used by Xcode 'outputs' to avoid re-running this script phase.\necho \"SUCCESS\" > \"${SCRIPT_OUTPUT_FILE_0}\"\n";
			showEnvVarsInLog = 0;
		};
/* End PBXShellScriptBuildPhase section */

/* Begin PBXSourcesBuildPhase section */
		D2D3B82B22AF5DB60086909D /* Sources */ = {
			isa = PBXSourcesBuildPhase;
			buildActionMask = 2147483647;
			files = (
				D2D3B85622AF5E260086909D /* Settings_About.swift in Sources */,
				D2D3B85D22AF5E260086909D /* PopoverController.swift in Sources */,
				D2D3B85722AF5E260086909D /* Settings_Welcome.swift in Sources */,
				85E68B2F2321590500AEBB26 /* Setting_About.swift in Sources */,
				D2D3B86122AF6F3E0086909D /* AutoLogin.swift in Sources */,
				D2C035A723210DF700E3BEEF /* Main_ChooseLanguage.swift in Sources */,
				85E68B2D232138FF00AEBB26 /* ExNSMenuItem.swift in Sources */,
				D2D3B85822AF5E260086909D /* AppDelegate.swift in Sources */,
				D2D3B85B22AF5E260086909D /* HotKeyManager.swift in Sources */,
				D2C0359B232103A600E3BEEF /* Main_Container.swift in Sources */,
				D2C035952320E9BA00E3BEEF /* ExControl.swift in Sources */,
				D2D3B85322AF5E260086909D /* Settings_Left.swift in Sources */,
				D204813322B885E300369A6D /* DBSticker.swift in Sources */,
				D2D3B85522AF5E260086909D /* Settings_Preferences.swift in Sources */,
				D2C035AC23210E0A00E3BEEF /* DefaultTranslate.swift in Sources */,
				D2C035AB23210E0A00E3BEEF /* Translator.swift in Sources */,
				D2D3B85C22AF5E260086909D /* CommonUtil.swift in Sources */,
				D204813122B885C200369A6D /* DBManager.swift in Sources */,
				D2C035B223210E1900E3BEEF /* MessageBox.swift in Sources */,
				D2C035B023210E1900E3BEEF /* Toast.swift in Sources */,
				D2C035912320E49400E3BEEF /* ExNSColor.swift in Sources */,
				D2D3B85922AF5E260086909D /* MainPopOverVC.swift in Sources */,
				D2C035B423210E3400E3BEEF /* ExNSView.swift in Sources */,
				D2C035982320EED900E3BEEF /* ExUserDefaults.swift in Sources */,
				D2C035932320E8F200E3BEEF /* ExNSStoryboard.swift in Sources */,
				85DE7D5422AFD3FD00568C80 /* CTWindowController.swift in Sources */,
				D2C035B123210E1900E3BEEF /* Presenter.swift in Sources */,
				D2C035A523210DF700E3BEEF /* Main_Chatting.swift in Sources */,
				85E68B31232161A500AEBB26 /* Setting_Preference.swift in Sources */,
				D2C0359F23210B5F00E3BEEF /* CustomButton.swift in Sources */,
				D2C0359D2321043400E3BEEF /* CTContainerViewController.swift in Sources */,
				D22A423722B32D1800ADE25C /* Constants.swift in Sources */,
				D2CFDD2422B1E72E0056314B /* CTCircleButton.swift in Sources */,
			);
			runOnlyForDeploymentPostprocessing = 0;
		};
		D2D3B86222AF6F8F0086909D /* Sources */ = {
			isa = PBXSourcesBuildPhase;
			buildActionMask = 2147483647;
			files = (
				D2D3B86922AF6F8F0086909D /* AppDelegate.swift in Sources */,
			);
			runOnlyForDeploymentPostprocessing = 0;
		};
/* End PBXSourcesBuildPhase section */

/* Begin PBXVariantGroup section */
		D2D3B84C22AF5E260086909D /* Main.storyboard */ = {
			isa = PBXVariantGroup;
			children = (
				D2D3B84D22AF5E260086909D /* Base */,
			);
			name = Main.storyboard;
			sourceTree = "<group>";
		};
		D2D3B86E22AF6F900086909D /* Main.storyboard */ = {
			isa = PBXVariantGroup;
			children = (
				D2D3B86F22AF6F900086909D /* Base */,
			);
			name = Main.storyboard;
			sourceTree = "<group>";
		};
/* End PBXVariantGroup section */

/* Begin XCBuildConfiguration section */
		D2D3B83D22AF5DB70086909D /* Debug */ = {
			isa = XCBuildConfiguration;
			buildSettings = {
				ALWAYS_SEARCH_USER_PATHS = NO;
				CLANG_ANALYZER_NONNULL = YES;
				CLANG_ANALYZER_NUMBER_OBJECT_CONVERSION = YES_AGGRESSIVE;
				CLANG_CXX_LANGUAGE_STANDARD = "gnu++14";
				CLANG_CXX_LIBRARY = "libc++";
				CLANG_ENABLE_MODULES = YES;
				CLANG_ENABLE_OBJC_ARC = YES;
				CLANG_ENABLE_OBJC_WEAK = YES;
				CLANG_WARN_BLOCK_CAPTURE_AUTORELEASING = YES;
				CLANG_WARN_BOOL_CONVERSION = YES;
				CLANG_WARN_COMMA = YES;
				CLANG_WARN_CONSTANT_CONVERSION = YES;
				CLANG_WARN_DEPRECATED_OBJC_IMPLEMENTATIONS = YES;
				CLANG_WARN_DIRECT_OBJC_ISA_USAGE = YES_ERROR;
				CLANG_WARN_DOCUMENTATION_COMMENTS = YES;
				CLANG_WARN_EMPTY_BODY = YES;
				CLANG_WARN_ENUM_CONVERSION = YES;
				CLANG_WARN_INFINITE_RECURSION = YES;
				CLANG_WARN_INT_CONVERSION = YES;
				CLANG_WARN_NON_LITERAL_NULL_CONVERSION = YES;
				CLANG_WARN_OBJC_IMPLICIT_RETAIN_SELF = YES;
				CLANG_WARN_OBJC_LITERAL_CONVERSION = YES;
				CLANG_WARN_OBJC_ROOT_CLASS = YES_ERROR;
				CLANG_WARN_RANGE_LOOP_ANALYSIS = YES;
				CLANG_WARN_STRICT_PROTOTYPES = YES;
				CLANG_WARN_SUSPICIOUS_MOVE = YES;
				CLANG_WARN_UNGUARDED_AVAILABILITY = YES_AGGRESSIVE;
				CLANG_WARN_UNREACHABLE_CODE = YES;
				CLANG_WARN__DUPLICATE_METHOD_MATCH = YES;
				CODE_SIGN_IDENTITY = "Mac Developer";
				COPY_PHASE_STRIP = NO;
				DEBUG_INFORMATION_FORMAT = dwarf;
				ENABLE_STRICT_OBJC_MSGSEND = YES;
				ENABLE_TESTABILITY = YES;
				GCC_C_LANGUAGE_STANDARD = gnu11;
				GCC_DYNAMIC_NO_PIC = NO;
				GCC_NO_COMMON_BLOCKS = YES;
				GCC_OPTIMIZATION_LEVEL = 0;
				GCC_PREPROCESSOR_DEFINITIONS = (
					"DEBUG=1",
					"$(inherited)",
				);
				GCC_WARN_64_TO_32_BIT_CONVERSION = YES;
				GCC_WARN_ABOUT_RETURN_TYPE = YES_ERROR;
				GCC_WARN_UNDECLARED_SELECTOR = YES;
				GCC_WARN_UNINITIALIZED_AUTOS = YES_AGGRESSIVE;
				GCC_WARN_UNUSED_FUNCTION = YES;
				GCC_WARN_UNUSED_VARIABLE = YES;
				MACOSX_DEPLOYMENT_TARGET = 10.12;
				MTL_ENABLE_DEBUG_INFO = INCLUDE_SOURCE;
				MTL_FAST_MATH = YES;
				ONLY_ACTIVE_ARCH = YES;
				SDKROOT = macosx;
				SWIFT_ACTIVE_COMPILATION_CONDITIONS = DEBUG;
				SWIFT_OPTIMIZATION_LEVEL = "-Onone";
			};
			name = Debug;
		};
		D2D3B83E22AF5DB70086909D /* Release */ = {
			isa = XCBuildConfiguration;
			buildSettings = {
				ALWAYS_SEARCH_USER_PATHS = NO;
				CLANG_ANALYZER_NONNULL = YES;
				CLANG_ANALYZER_NUMBER_OBJECT_CONVERSION = YES_AGGRESSIVE;
				CLANG_CXX_LANGUAGE_STANDARD = "gnu++14";
				CLANG_CXX_LIBRARY = "libc++";
				CLANG_ENABLE_MODULES = YES;
				CLANG_ENABLE_OBJC_ARC = YES;
				CLANG_ENABLE_OBJC_WEAK = YES;
				CLANG_WARN_BLOCK_CAPTURE_AUTORELEASING = YES;
				CLANG_WARN_BOOL_CONVERSION = YES;
				CLANG_WARN_COMMA = YES;
				CLANG_WARN_CONSTANT_CONVERSION = YES;
				CLANG_WARN_DEPRECATED_OBJC_IMPLEMENTATIONS = YES;
				CLANG_WARN_DIRECT_OBJC_ISA_USAGE = YES_ERROR;
				CLANG_WARN_DOCUMENTATION_COMMENTS = YES;
				CLANG_WARN_EMPTY_BODY = YES;
				CLANG_WARN_ENUM_CONVERSION = YES;
				CLANG_WARN_INFINITE_RECURSION = YES;
				CLANG_WARN_INT_CONVERSION = YES;
				CLANG_WARN_NON_LITERAL_NULL_CONVERSION = YES;
				CLANG_WARN_OBJC_IMPLICIT_RETAIN_SELF = YES;
				CLANG_WARN_OBJC_LITERAL_CONVERSION = YES;
				CLANG_WARN_OBJC_ROOT_CLASS = YES_ERROR;
				CLANG_WARN_RANGE_LOOP_ANALYSIS = YES;
				CLANG_WARN_STRICT_PROTOTYPES = YES;
				CLANG_WARN_SUSPICIOUS_MOVE = YES;
				CLANG_WARN_UNGUARDED_AVAILABILITY = YES_AGGRESSIVE;
				CLANG_WARN_UNREACHABLE_CODE = YES;
				CLANG_WARN__DUPLICATE_METHOD_MATCH = YES;
				CODE_SIGN_IDENTITY = "Mac Developer";
				COPY_PHASE_STRIP = NO;
				DEBUG_INFORMATION_FORMAT = "dwarf-with-dsym";
				ENABLE_NS_ASSERTIONS = NO;
				ENABLE_STRICT_OBJC_MSGSEND = YES;
				GCC_C_LANGUAGE_STANDARD = gnu11;
				GCC_NO_COMMON_BLOCKS = YES;
				GCC_WARN_64_TO_32_BIT_CONVERSION = YES;
				GCC_WARN_ABOUT_RETURN_TYPE = YES_ERROR;
				GCC_WARN_UNDECLARED_SELECTOR = YES;
				GCC_WARN_UNINITIALIZED_AUTOS = YES_AGGRESSIVE;
				GCC_WARN_UNUSED_FUNCTION = YES;
				GCC_WARN_UNUSED_VARIABLE = YES;
				MACOSX_DEPLOYMENT_TARGET = 10.12;
				MTL_ENABLE_DEBUG_INFO = NO;
				MTL_FAST_MATH = YES;
				SDKROOT = macosx;
				SWIFT_COMPILATION_MODE = wholemodule;
				SWIFT_OPTIMIZATION_LEVEL = "-O";
			};
			name = Release;
		};
		D2D3B84022AF5DB70086909D /* Debug */ = {
			isa = XCBuildConfiguration;
			baseConfigurationReference = 21BF06A3D7A1191B67245582 /* Pods-kTranslate.debug.xcconfig */;
			buildSettings = {
				ASSETCATALOG_COMPILER_APPICON_NAME = AppIcon;
				CODE_SIGN_ENTITLEMENTS = kTranslate/SupportFiles/kTranslate.entitlements;
				CODE_SIGN_IDENTITY = "Mac Developer";
				CODE_SIGN_STYLE = Automatic;
				COMBINE_HIDPI_IMAGES = YES;
				CURRENT_PROJECT_VERSION = 1;
				DEVELOPMENT_TEAM = 6QG49X22JS;
				INFOPLIST_FILE = "$(SRCROOT)/kTranslate/SupportFiles/Info.plist";
				LD_RUNPATH_SEARCH_PATHS = (
					"$(inherited)",
					"@executable_path/../Frameworks",
				);
				MACOSX_DEPLOYMENT_TARGET = 10.12;
				MARKETING_VERSION = 1.0.0;
				PRODUCT_BUNDLE_IDENTIFIER = tk.bugking.kTranslate;
				PRODUCT_NAME = "$(TARGET_NAME)";
				PROVISIONING_PROFILE_SPECIFIER = "";
				SWIFT_OBJC_BRIDGING_HEADER = "";
				SWIFT_VERSION = 5.0;
			};
			name = Debug;
		};
		D2D3B84122AF5DB70086909D /* Release */ = {
			isa = XCBuildConfiguration;
			baseConfigurationReference = A4F9F6EDEBCC55AB8A70A37B /* Pods-kTranslate.release.xcconfig */;
			buildSettings = {
				ASSETCATALOG_COMPILER_APPICON_NAME = AppIcon;
				CODE_SIGN_ENTITLEMENTS = kTranslate/SupportFiles/kTranslate.entitlements;
				CODE_SIGN_IDENTITY = "Mac Developer";
				CODE_SIGN_STYLE = Automatic;
				COMBINE_HIDPI_IMAGES = YES;
				CURRENT_PROJECT_VERSION = 1;
				DEVELOPMENT_TEAM = 6QG49X22JS;
				INFOPLIST_FILE = "$(SRCROOT)/kTranslate/SupportFiles/Info.plist";
				LD_RUNPATH_SEARCH_PATHS = (
					"$(inherited)",
					"@executable_path/../Frameworks",
				);
				MACOSX_DEPLOYMENT_TARGET = 10.12;
				MARKETING_VERSION = 1.0.0;
				PRODUCT_BUNDLE_IDENTIFIER = tk.bugking.kTranslate;
				PRODUCT_NAME = "$(TARGET_NAME)";
				PROVISIONING_PROFILE_SPECIFIER = "";
				SWIFT_OBJC_BRIDGING_HEADER = "";
				SWIFT_VERSION = 5.0;
			};
			name = Release;
		};
		D2D3B87422AF6F900086909D /* Debug */ = {
			isa = XCBuildConfiguration;
			buildSettings = {
				ASSETCATALOG_COMPILER_APPICON_NAME = AppIcon;
				CODE_SIGN_ENTITLEMENTS = LauncherApplication/LauncherApplication.entitlements;
				CODE_SIGN_STYLE = Automatic;
				COMBINE_HIDPI_IMAGES = YES;
				DEVELOPMENT_TEAM = 6QG49X22JS;
				INFOPLIST_FILE = LauncherApplication/Info.plist;
				LD_RUNPATH_SEARCH_PATHS = (
					"$(inherited)",
					"@executable_path/../Frameworks",
				);
				MACOSX_DEPLOYMENT_TARGET = 10.12;
				PRODUCT_BUNDLE_IDENTIFIER = tk.bugking.LauncherApplication;
				PRODUCT_NAME = "$(TARGET_NAME)";
				SKIP_INSTALL = YES;
				SWIFT_VERSION = 5.0;
			};
			name = Debug;
		};
		D2D3B87522AF6F900086909D /* Release */ = {
			isa = XCBuildConfiguration;
			buildSettings = {
				ASSETCATALOG_COMPILER_APPICON_NAME = AppIcon;
				CODE_SIGN_ENTITLEMENTS = LauncherApplication/LauncherApplication.entitlements;
				CODE_SIGN_STYLE = Automatic;
				COMBINE_HIDPI_IMAGES = YES;
				DEVELOPMENT_TEAM = 6QG49X22JS;
				INFOPLIST_FILE = LauncherApplication/Info.plist;
				LD_RUNPATH_SEARCH_PATHS = (
					"$(inherited)",
					"@executable_path/../Frameworks",
				);
				MACOSX_DEPLOYMENT_TARGET = 10.12;
				PRODUCT_BUNDLE_IDENTIFIER = tk.bugking.LauncherApplication;
				PRODUCT_NAME = "$(TARGET_NAME)";
				SKIP_INSTALL = YES;
				SWIFT_VERSION = 5.0;
			};
			name = Release;
		};
/* End XCBuildConfiguration section */

/* Begin XCConfigurationList section */
		D2D3B82A22AF5DB60086909D /* Build configuration list for PBXProject "kTranslate" */ = {
			isa = XCConfigurationList;
			buildConfigurations = (
				D2D3B83D22AF5DB70086909D /* Debug */,
				D2D3B83E22AF5DB70086909D /* Release */,
			);
			defaultConfigurationIsVisible = 0;
			defaultConfigurationName = Release;
		};
		D2D3B83F22AF5DB70086909D /* Build configuration list for PBXNativeTarget "kTranslate" */ = {
			isa = XCConfigurationList;
			buildConfigurations = (
				D2D3B84022AF5DB70086909D /* Debug */,
				D2D3B84122AF5DB70086909D /* Release */,
			);
			defaultConfigurationIsVisible = 0;
			defaultConfigurationName = Release;
		};
		D2D3B87322AF6F900086909D /* Build configuration list for PBXNativeTarget "LauncherApplication" */ = {
			isa = XCConfigurationList;
			buildConfigurations = (
				D2D3B87422AF6F900086909D /* Debug */,
				D2D3B87522AF6F900086909D /* Release */,
			);
			defaultConfigurationIsVisible = 0;
			defaultConfigurationName = Release;
		};
/* End XCConfigurationList section */
	};
	rootObject = D2D3B82722AF5DB60086909D /* Project object */;
}
