// !$*UTF8*$!
{
	archiveVersion = 1;
	classes = {
	};
	objectVersion = 51;
	objects = {

/* Begin PBXBuildFile section */
		0711A0C040A5C6A8F1DFD6F0 /* Pods_kTranslate.framework in Frameworks */ = {isa = PBXBuildFile; fileRef = 548834E102E7C9EFE0169778 /* Pods_kTranslate.framework */; };
		85B7E50522B918B00074CAE9 /* Constants.swift in Sources */ = {isa = PBXBuildFile; fileRef = 85B7E4E122B918AF0074CAE9 /* Constants.swift */; };
		85B7E50622B918B00074CAE9 /* DBManager.swift in Sources */ = {isa = PBXBuildFile; fileRef = 85B7E4E322B918AF0074CAE9 /* DBManager.swift */; };
		85B7E50722B918B00074CAE9 /* FMDatabaseQueue.m in Sources */ = {isa = PBXBuildFile; fileRef = 85B7E4E622B918AF0074CAE9 /* FMDatabaseQueue.m */; };
		85B7E50822B918B00074CAE9 /* FMDatabaseAdditions.m in Sources */ = {isa = PBXBuildFile; fileRef = 85B7E4E722B918AF0074CAE9 /* FMDatabaseAdditions.m */; };
		85B7E50922B918B00074CAE9 /* FMDatabasePool.m in Sources */ = {isa = PBXBuildFile; fileRef = 85B7E4EB22B918AF0074CAE9 /* FMDatabasePool.m */; };
		85B7E50A22B918B00074CAE9 /* DBSticker.swift in Sources */ = {isa = PBXBuildFile; fileRef = 85B7E4EC22B918AF0074CAE9 /* DBSticker.swift */; };
		85B7E50B22B918B00074CAE9 /* DynamicTextField.swift in Sources */ = {isa = PBXBuildFile; fileRef = 85B7E4ED22B918AF0074CAE9 /* DynamicTextField.swift */; };
		85B7E50C22B918B00074CAE9 /* AutoLogin.swift in Sources */ = {isa = PBXBuildFile; fileRef = 85B7E4EE22B918AF0074CAE9 /* AutoLogin.swift */; };
		85B7E50D22B918B00074CAE9 /* HotKeyManager.swift in Sources */ = {isa = PBXBuildFile; fileRef = 85B7E4EF22B918AF0074CAE9 /* HotKeyManager.swift */; };
		85B7E50E22B918B00074CAE9 /* CTWindowController.swift in Sources */ = {isa = PBXBuildFile; fileRef = 85B7E4F022B918AF0074CAE9 /* CTWindowController.swift */; };
		85B7E50F22B918B00074CAE9 /* CTCircleButton.swift in Sources */ = {isa = PBXBuildFile; fileRef = 85B7E4F122B918AF0074CAE9 /* CTCircleButton.swift */; };
		85B7E51022B918B00074CAE9 /* CommonUtil.swift in Sources */ = {isa = PBXBuildFile; fileRef = 85B7E4F222B918AF0074CAE9 /* CommonUtil.swift */; };
		85B7E51122B918B00074CAE9 /* PopoverController.swift in Sources */ = {isa = PBXBuildFile; fileRef = 85B7E4F322B918AF0074CAE9 /* PopoverController.swift */; };
		85B7E51222B918B00074CAE9 /* Assets.xcassets in Resources */ = {isa = PBXBuildFile; fileRef = 85B7E4F522B918AF0074CAE9 /* Assets.xcassets */; };
		85B7E51322B918B00074CAE9 /* Info.plist in Resources */ = {isa = PBXBuildFile; fileRef = 85B7E4F722B918AF0074CAE9 /* Info.plist */; };
		85B7E51422B918B00074CAE9 /* Settings_Left.swift in Sources */ = {isa = PBXBuildFile; fileRef = 85B7E4FA22B918B00074CAE9 /* Settings_Left.swift */; };
		85B7E51522B918B00074CAE9 /* Settings.storyboard in Resources */ = {isa = PBXBuildFile; fileRef = 85B7E4FB22B918B00074CAE9 /* Settings.storyboard */; };
		85B7E51622B918B00074CAE9 /* Settings_Preferences.swift in Sources */ = {isa = PBXBuildFile; fileRef = 85B7E4FC22B918B00074CAE9 /* Settings_Preferences.swift */; };
		85B7E51722B918B00074CAE9 /* Settings_About.swift in Sources */ = {isa = PBXBuildFile; fileRef = 85B7E4FD22B918B00074CAE9 /* Settings_About.swift */; };
		85B7E51822B918B00074CAE9 /* Settings_Welcome.swift in Sources */ = {isa = PBXBuildFile; fileRef = 85B7E4FE22B918B00074CAE9 /* Settings_Welcome.swift */; };
		85B7E51922B918B00074CAE9 /* AppDelegate.swift in Sources */ = {isa = PBXBuildFile; fileRef = 85B7E4FF22B918B00074CAE9 /* AppDelegate.swift */; };
		85B7E51A22B918B00074CAE9 /* MainPopOverVC.swift in Sources */ = {isa = PBXBuildFile; fileRef = 85B7E50122B918B00074CAE9 /* MainPopOverVC.swift */; };
		85B7E51B22B918B00074CAE9 /* Main.storyboard in Resources */ = {isa = PBXBuildFile; fileRef = 85B7E50222B918B00074CAE9 /* Main.storyboard */; };
		85B7E51C22B918B00074CAE9 /* SplitVC_Sticker.swift in Sources */ = {isa = PBXBuildFile; fileRef = 85B7E50422B918B00074CAE9 /* SplitVC_Sticker.swift */; };
		85B7E56522B91A4B0074CAE9 /* libsqlite3.0.tbd in Frameworks */ = {isa = PBXBuildFile; fileRef = 85B7E56422B91A4B0074CAE9 /* libsqlite3.0.tbd */; };
		85B7E58E22B920D60074CAE9 /* AppDelegate.swift in Sources */ = {isa = PBXBuildFile; fileRef = 85B7E58D22B920D60074CAE9 /* AppDelegate.swift */; };
		85B7E59222B920D60074CAE9 /* Assets.xcassets in Resources */ = {isa = PBXBuildFile; fileRef = 85B7E59122B920D60074CAE9 /* Assets.xcassets */; };
		85B7E59522B920D60074CAE9 /* Main.storyboard in Resources */ = {isa = PBXBuildFile; fileRef = 85B7E59322B920D60074CAE9 /* Main.storyboard */; };
		85B7E59C22B921390074CAE9 /* LauncherApplication.app in CopyFiles */ = {isa = PBXBuildFile; fileRef = 85B7E58B22B920D60074CAE9 /* LauncherApplication.app */; settings = {ATTRIBUTES = (RemoveHeadersOnCopy, ); }; };
		D254CF512317C36A0002676C /* VMGoogleTranslate.swift in Sources */ = {isa = PBXBuildFile; fileRef = D254CF502317C36A0002676C /* VMGoogleTranslate.swift */; };
		D2FB6DF6231902B4008881FF /* VMPapagoTranslate.swift in Sources */ = {isa = PBXBuildFile; fileRef = D2FB6DF5231902B4008881FF /* VMPapagoTranslate.swift */; };
		D2FB6DF82319075E008881FF /* VMKakaoTranslate.swift in Sources */ = {isa = PBXBuildFile; fileRef = D2FB6DF72319075E008881FF /* VMKakaoTranslate.swift */; };
/* End PBXBuildFile section */

/* Begin PBXCopyFilesBuildPhase section */
		85B7E59B22B921240074CAE9 /* CopyFiles */ = {
			isa = PBXCopyFilesBuildPhase;
			buildActionMask = 2147483647;
			dstPath = Contents/Library/LoginItems;
			dstSubfolderSpec = 1;
			files = (
				85B7E59C22B921390074CAE9 /* LauncherApplication.app in CopyFiles */,
			);
			runOnlyForDeploymentPostprocessing = 0;
		};
/* End PBXCopyFilesBuildPhase section */

/* Begin PBXFileReference section */
		37D78930B7B3367A60BE946E /* Pods_LauncherApplication.framework */ = {isa = PBXFileReference; explicitFileType = wrapper.framework; includeInIndex = 0; path = Pods_LauncherApplication.framework; sourceTree = BUILT_PRODUCTS_DIR; };
		548834E102E7C9EFE0169778 /* Pods_kTranslate.framework */ = {isa = PBXFileReference; explicitFileType = wrapper.framework; includeInIndex = 0; path = Pods_kTranslate.framework; sourceTree = BUILT_PRODUCTS_DIR; };
		85B7E4CD22B918960074CAE9 /* kTranslate.app */ = {isa = PBXFileReference; explicitFileType = wrapper.application; includeInIndex = 0; path = kTranslate.app; sourceTree = BUILT_PRODUCTS_DIR; };
		85B7E4E122B918AF0074CAE9 /* Constants.swift */ = {isa = PBXFileReference; fileEncoding = 4; lastKnownFileType = sourcecode.swift; path = Constants.swift; sourceTree = "<group>"; };
		85B7E4E322B918AF0074CAE9 /* DBManager.swift */ = {isa = PBXFileReference; fileEncoding = 4; lastKnownFileType = sourcecode.swift; path = DBManager.swift; sourceTree = "<group>"; };
		85B7E4E522B918AF0074CAE9 /* FMDatabase.h */ = {isa = PBXFileReference; fileEncoding = 4; lastKnownFileType = sourcecode.c.h; path = FMDatabase.h; sourceTree = "<group>"; };
		85B7E4E622B918AF0074CAE9 /* FMDatabaseQueue.m */ = {isa = PBXFileReference; fileEncoding = 4; lastKnownFileType = sourcecode.c.objc; path = FMDatabaseQueue.m; sourceTree = "<group>"; };
		85B7E4E722B918AF0074CAE9 /* FMDatabaseAdditions.m */ = {isa = PBXFileReference; fileEncoding = 4; lastKnownFileType = sourcecode.c.objc; path = FMDatabaseAdditions.m; sourceTree = "<group>"; };
		85B7E4E822B918AF0074CAE9 /* FMDatabaseQueue.h */ = {isa = PBXFileReference; fileEncoding = 4; lastKnownFileType = sourcecode.c.h; path = FMDatabaseQueue.h; sourceTree = "<group>"; };
		85B7E4E922B918AF0074CAE9 /* FMDB.h */ = {isa = PBXFileReference; fileEncoding = 4; lastKnownFileType = sourcecode.c.h; path = FMDB.h; sourceTree = "<group>"; };
		85B7E4EA22B918AF0074CAE9 /* FMDatabaseAdditions.h */ = {isa = PBXFileReference; fileEncoding = 4; lastKnownFileType = sourcecode.c.h; path = FMDatabaseAdditions.h; sourceTree = "<group>"; };
		85B7E4EB22B918AF0074CAE9 /* FMDatabasePool.m */ = {isa = PBXFileReference; fileEncoding = 4; lastKnownFileType = sourcecode.c.objc; path = FMDatabasePool.m; sourceTree = "<group>"; };
		85B7E4EC22B918AF0074CAE9 /* DBSticker.swift */ = {isa = PBXFileReference; fileEncoding = 4; lastKnownFileType = sourcecode.swift; path = DBSticker.swift; sourceTree = "<group>"; };
		85B7E4ED22B918AF0074CAE9 /* DynamicTextField.swift */ = {isa = PBXFileReference; fileEncoding = 4; lastKnownFileType = sourcecode.swift; path = DynamicTextField.swift; sourceTree = "<group>"; };
		85B7E4EE22B918AF0074CAE9 /* AutoLogin.swift */ = {isa = PBXFileReference; fileEncoding = 4; lastKnownFileType = sourcecode.swift; path = AutoLogin.swift; sourceTree = "<group>"; };
		85B7E4EF22B918AF0074CAE9 /* HotKeyManager.swift */ = {isa = PBXFileReference; fileEncoding = 4; lastKnownFileType = sourcecode.swift; path = HotKeyManager.swift; sourceTree = "<group>"; };
		85B7E4F022B918AF0074CAE9 /* CTWindowController.swift */ = {isa = PBXFileReference; fileEncoding = 4; lastKnownFileType = sourcecode.swift; path = CTWindowController.swift; sourceTree = "<group>"; };
		85B7E4F122B918AF0074CAE9 /* CTCircleButton.swift */ = {isa = PBXFileReference; fileEncoding = 4; lastKnownFileType = sourcecode.swift; path = CTCircleButton.swift; sourceTree = "<group>"; };
		85B7E4F222B918AF0074CAE9 /* CommonUtil.swift */ = {isa = PBXFileReference; fileEncoding = 4; lastKnownFileType = sourcecode.swift; path = CommonUtil.swift; sourceTree = "<group>"; };
		85B7E4F322B918AF0074CAE9 /* PopoverController.swift */ = {isa = PBXFileReference; fileEncoding = 4; lastKnownFileType = sourcecode.swift; path = PopoverController.swift; sourceTree = "<group>"; };
		85B7E4F522B918AF0074CAE9 /* Assets.xcassets */ = {isa = PBXFileReference; lastKnownFileType = folder.assetcatalog; path = Assets.xcassets; sourceTree = "<group>"; };
		85B7E4F622B918AF0074CAE9 /* kTranslate.entitlements */ = {isa = PBXFileReference; fileEncoding = 4; lastKnownFileType = text.plist.entitlements; path = kTranslate.entitlements; sourceTree = "<group>"; };
		85B7E4F722B918AF0074CAE9 /* Info.plist */ = {isa = PBXFileReference; fileEncoding = 4; lastKnownFileType = text.plist.xml; path = Info.plist; sourceTree = "<group>"; };
		85B7E4FA22B918B00074CAE9 /* Settings_Left.swift */ = {isa = PBXFileReference; fileEncoding = 4; lastKnownFileType = sourcecode.swift; path = Settings_Left.swift; sourceTree = "<group>"; };
		85B7E4FB22B918B00074CAE9 /* Settings.storyboard */ = {isa = PBXFileReference; fileEncoding = 4; lastKnownFileType = file.storyboard; path = Settings.storyboard; sourceTree = "<group>"; };
		85B7E4FC22B918B00074CAE9 /* Settings_Preferences.swift */ = {isa = PBXFileReference; fileEncoding = 4; lastKnownFileType = sourcecode.swift; path = Settings_Preferences.swift; sourceTree = "<group>"; };
		85B7E4FD22B918B00074CAE9 /* Settings_About.swift */ = {isa = PBXFileReference; fileEncoding = 4; lastKnownFileType = sourcecode.swift; path = Settings_About.swift; sourceTree = "<group>"; };
		85B7E4FE22B918B00074CAE9 /* Settings_Welcome.swift */ = {isa = PBXFileReference; fileEncoding = 4; lastKnownFileType = sourcecode.swift; path = Settings_Welcome.swift; sourceTree = "<group>"; };
		85B7E4FF22B918B00074CAE9 /* AppDelegate.swift */ = {isa = PBXFileReference; fileEncoding = 4; lastKnownFileType = sourcecode.swift; path = AppDelegate.swift; sourceTree = "<group>"; };
		85B7E50122B918B00074CAE9 /* MainPopOverVC.swift */ = {isa = PBXFileReference; fileEncoding = 4; lastKnownFileType = sourcecode.swift; path = MainPopOverVC.swift; sourceTree = "<group>"; };
		85B7E50322B918B00074CAE9 /* Base */ = {isa = PBXFileReference; lastKnownFileType = file.storyboard; name = Base; path = Base.lproj/Main.storyboard; sourceTree = "<group>"; };
		85B7E50422B918B00074CAE9 /* SplitVC_Sticker.swift */ = {isa = PBXFileReference; fileEncoding = 4; lastKnownFileType = sourcecode.swift; path = SplitVC_Sticker.swift; sourceTree = "<group>"; };
		85B7E56422B91A4B0074CAE9 /* libsqlite3.0.tbd */ = {isa = PBXFileReference; lastKnownFileType = "sourcecode.text-based-dylib-definition"; name = libsqlite3.0.tbd; path = usr/lib/libsqlite3.0.tbd; sourceTree = SDKROOT; };
		85B7E58B22B920D60074CAE9 /* LauncherApplication.app */ = {isa = PBXFileReference; explicitFileType = wrapper.application; includeInIndex = 0; path = LauncherApplication.app; sourceTree = BUILT_PRODUCTS_DIR; };
		85B7E58D22B920D60074CAE9 /* AppDelegate.swift */ = {isa = PBXFileReference; lastKnownFileType = sourcecode.swift; path = AppDelegate.swift; sourceTree = "<group>"; };
		85B7E59122B920D60074CAE9 /* Assets.xcassets */ = {isa = PBXFileReference; lastKnownFileType = folder.assetcatalog; path = Assets.xcassets; sourceTree = "<group>"; };
		85B7E59422B920D60074CAE9 /* Base */ = {isa = PBXFileReference; lastKnownFileType = file.storyboard; name = Base; path = Base.lproj/Main.storyboard; sourceTree = "<group>"; };
		85B7E59622B920D60074CAE9 /* Info.plist */ = {isa = PBXFileReference; lastKnownFileType = text.plist.xml; path = Info.plist; sourceTree = "<group>"; };
		85B7E59722B920D60074CAE9 /* LauncherApplication.entitlements */ = {isa = PBXFileReference; lastKnownFileType = text.plist.entitlements; path = LauncherApplication.entitlements; sourceTree = "<group>"; };
		D254CF502317C36A0002676C /* VMGoogleTranslate.swift */ = {isa = PBXFileReference; lastKnownFileType = sourcecode.swift; path = VMGoogleTranslate.swift; sourceTree = "<group>"; };
		D2FB6DF5231902B4008881FF /* VMPapagoTranslate.swift */ = {isa = PBXFileReference; lastKnownFileType = sourcecode.swift; path = VMPapagoTranslate.swift; sourceTree = "<group>"; };
		D2FB6DF72319075E008881FF /* VMKakaoTranslate.swift */ = {isa = PBXFileReference; lastKnownFileType = sourcecode.swift; path = VMKakaoTranslate.swift; sourceTree = "<group>"; };
/* End PBXFileReference section */

/* Begin PBXFrameworksBuildPhase section */
		85B7E4CA22B918960074CAE9 /* Frameworks */ = {
			isa = PBXFrameworksBuildPhase;
			buildActionMask = 2147483647;
			files = (
				85B7E56522B91A4B0074CAE9 /* libsqlite3.0.tbd in Frameworks */,
				0711A0C040A5C6A8F1DFD6F0 /* Pods_kTranslate.framework in Frameworks */,
			);
			runOnlyForDeploymentPostprocessing = 0;
		};
		85B7E58822B920D60074CAE9 /* Frameworks */ = {
			isa = PBXFrameworksBuildPhase;
			buildActionMask = 2147483647;
			files = (
			);
			runOnlyForDeploymentPostprocessing = 0;
		};
/* End PBXFrameworksBuildPhase section */

/* Begin PBXGroup section */
		3ECF9E3B165FEF69B99683C5 /* Frameworks */ = {
			isa = PBXGroup;
			children = (
				85B7E56422B91A4B0074CAE9 /* libsqlite3.0.tbd */,
				37D78930B7B3367A60BE946E /* Pods_LauncherApplication.framework */,
				548834E102E7C9EFE0169778 /* Pods_kTranslate.framework */,
			);
			name = Frameworks;
			sourceTree = "<group>";
		};
		85B7E4C422B918960074CAE9 = {
			isa = PBXGroup;
			children = (
				85B7E4CF22B918960074CAE9 /* kTranslate */,
				85B7E58C22B920D60074CAE9 /* LauncherApplication */,
				85B7E4CE22B918960074CAE9 /* Products */,
				3ECF9E3B165FEF69B99683C5 /* Frameworks */,
			);
			sourceTree = "<group>";
		};
		85B7E4CE22B918960074CAE9 /* Products */ = {
			isa = PBXGroup;
			children = (
				85B7E4CD22B918960074CAE9 /* kTranslate.app */,
				85B7E58B22B920D60074CAE9 /* LauncherApplication.app */,
			);
			name = Products;
			sourceTree = "<group>";
		};
		85B7E4CF22B918960074CAE9 /* kTranslate */ = {
			isa = PBXGroup;
			children = (
				D254CF4F2317C33C0002676C /* ViewModel */,
				85B7E4E022B918AF0074CAE9 /* Common */,
				85B7E4F822B918B00074CAE9 /* ViewControllers */,
				85B7E4F422B918AF0074CAE9 /* SupportFiles */,
			);
			path = kTranslate;
			sourceTree = "<group>";
		};
		85B7E4E022B918AF0074CAE9 /* Common */ = {
			isa = PBXGroup;
			children = (
				85B7E4E222B918AF0074CAE9 /* Database */,
				85B7E4E122B918AF0074CAE9 /* Constants.swift */,
				85B7E4ED22B918AF0074CAE9 /* DynamicTextField.swift */,
				85B7E4EE22B918AF0074CAE9 /* AutoLogin.swift */,
				85B7E4EF22B918AF0074CAE9 /* HotKeyManager.swift */,
				85B7E4F022B918AF0074CAE9 /* CTWindowController.swift */,
				85B7E4F122B918AF0074CAE9 /* CTCircleButton.swift */,
				85B7E4F222B918AF0074CAE9 /* CommonUtil.swift */,
				85B7E4F322B918AF0074CAE9 /* PopoverController.swift */,
			);
			path = Common;
			sourceTree = "<group>";
		};
		85B7E4E222B918AF0074CAE9 /* Database */ = {
			isa = PBXGroup;
			children = (
				85B7E4E322B918AF0074CAE9 /* DBManager.swift */,
				85B7E4E422B918AF0074CAE9 /* fmdb */,
				85B7E4EC22B918AF0074CAE9 /* DBSticker.swift */,
			);
			path = Database;
			sourceTree = "<group>";
		};
		85B7E4E422B918AF0074CAE9 /* fmdb */ = {
			isa = PBXGroup;
			children = (
				85B7E4E522B918AF0074CAE9 /* FMDatabase.h */,
				85B7E4E622B918AF0074CAE9 /* FMDatabaseQueue.m */,
				85B7E4E722B918AF0074CAE9 /* FMDatabaseAdditions.m */,
				85B7E4E822B918AF0074CAE9 /* FMDatabaseQueue.h */,
				85B7E4E922B918AF0074CAE9 /* FMDB.h */,
				85B7E4EA22B918AF0074CAE9 /* FMDatabaseAdditions.h */,
				85B7E4EB22B918AF0074CAE9 /* FMDatabasePool.m */,
			);
			path = fmdb;
			sourceTree = "<group>";
		};
		85B7E4F422B918AF0074CAE9 /* SupportFiles */ = {
			isa = PBXGroup;
			children = (
				85B7E4F522B918AF0074CAE9 /* Assets.xcassets */,
				85B7E4F622B918AF0074CAE9 /* kTranslate.entitlements */,
				85B7E4F722B918AF0074CAE9 /* Info.plist */,
			);
			path = SupportFiles;
			sourceTree = "<group>";
		};
		85B7E4F822B918B00074CAE9 /* ViewControllers */ = {
			isa = PBXGroup;
			children = (
				85B7E4FF22B918B00074CAE9 /* AppDelegate.swift */,
				85B7E4F922B918B00074CAE9 /* Settings */,
				85B7E50022B918B00074CAE9 /* Main */,
			);
			path = ViewControllers;
			sourceTree = "<group>";
		};
		85B7E4F922B918B00074CAE9 /* Settings */ = {
			isa = PBXGroup;
			children = (
				85B7E4FA22B918B00074CAE9 /* Settings_Left.swift */,
				85B7E4FB22B918B00074CAE9 /* Settings.storyboard */,
				85B7E4FC22B918B00074CAE9 /* Settings_Preferences.swift */,
				85B7E4FD22B918B00074CAE9 /* Settings_About.swift */,
				85B7E4FE22B918B00074CAE9 /* Settings_Welcome.swift */,
			);
			path = Settings;
			sourceTree = "<group>";
		};
		85B7E50022B918B00074CAE9 /* Main */ = {
			isa = PBXGroup;
			children = (
				85B7E50122B918B00074CAE9 /* MainPopOverVC.swift */,
				85B7E50222B918B00074CAE9 /* Main.storyboard */,
				85B7E50422B918B00074CAE9 /* SplitVC_Sticker.swift */,
			);
			path = Main;
			sourceTree = "<group>";
		};
		85B7E58C22B920D60074CAE9 /* LauncherApplication */ = {
			isa = PBXGroup;
			children = (
				85B7E58D22B920D60074CAE9 /* AppDelegate.swift */,
				85B7E59122B920D60074CAE9 /* Assets.xcassets */,
				85B7E59322B920D60074CAE9 /* Main.storyboard */,
				85B7E59622B920D60074CAE9 /* Info.plist */,
				85B7E59722B920D60074CAE9 /* LauncherApplication.entitlements */,
			);
			path = LauncherApplication;
			sourceTree = "<group>";
		};
		D254CF4F2317C33C0002676C /* ViewModel */ = {
			isa = PBXGroup;
			children = (
				D254CF502317C36A0002676C /* VMGoogleTranslate.swift */,
				D2FB6DF5231902B4008881FF /* VMPapagoTranslate.swift */,
				D2FB6DF72319075E008881FF /* VMKakaoTranslate.swift */,
			);
			path = ViewModel;
			sourceTree = "<group>";
		};
/* End PBXGroup section */

/* Begin PBXNativeTarget section */
		85B7E4CC22B918960074CAE9 /* kTranslate */ = {
			isa = PBXNativeTarget;
			buildConfigurationList = 85B7E4DD22B918970074CAE9 /* Build configuration list for PBXNativeTarget "kTranslate" */;
			buildPhases = (
				DB9B2C224B7841B2F5264090 /* [CP] Check Pods Manifest.lock */,
				85B7E4C922B918960074CAE9 /* Sources */,
				85B7E4CA22B918960074CAE9 /* Frameworks */,
				85B7E4CB22B918960074CAE9 /* Resources */,
				A0413B8C8B3C9543319249C1 /* [CP] Embed Pods Frameworks */,
				85B7E59B22B921240074CAE9 /* CopyFiles */,
			);
			buildRules = (
			);
			dependencies = (
			);
			name = kTranslate;
			productName = kTranslate;
			productReference = 85B7E4CD22B918960074CAE9 /* kTranslate.app */;
			productType = "com.apple.product-type.application";
		};
		85B7E58A22B920D60074CAE9 /* LauncherApplication */ = {
			isa = PBXNativeTarget;
			buildConfigurationList = 85B7E59822B920D60074CAE9 /* Build configuration list for PBXNativeTarget "LauncherApplication" */;
			buildPhases = (
				85B7E58722B920D60074CAE9 /* Sources */,
				85B7E58822B920D60074CAE9 /* Frameworks */,
				85B7E58922B920D60074CAE9 /* Resources */,
			);
			buildRules = (
			);
			dependencies = (
			);
			name = LauncherApplication;
			productName = LauncherApplication;
			productReference = 85B7E58B22B920D60074CAE9 /* LauncherApplication.app */;
			productType = "com.apple.product-type.application";
		};
/* End PBXNativeTarget section */

/* Begin PBXProject section */
		85B7E4C522B918960074CAE9 /* Project object */ = {
			isa = PBXProject;
			attributes = {
				LastSwiftUpdateCheck = 1020;
				LastUpgradeCheck = 1020;
				ORGANIZATIONNAME = bugking;
				TargetAttributes = {
					85B7E4CC22B918960074CAE9 = {
						CreatedOnToolsVersion = 10.2.1;
						SystemCapabilities = {
							com.apple.Sandbox = {
								enabled = 1;
							};
						};
					};
					85B7E58A22B920D60074CAE9 = {
						CreatedOnToolsVersion = 10.2.1;
						SystemCapabilities = {
							com.apple.Sandbox = {
								enabled = 1;
							};
						};
					};
				};
			};
			buildConfigurationList = 85B7E4C822B918960074CAE9 /* Build configuration list for PBXProject "kTranslate" */;
			compatibilityVersion = "Xcode 9.3";
			developmentRegion = en;
			hasScannedForEncodings = 0;
			knownRegions = (
				en,
				Base,
			);
			mainGroup = 85B7E4C422B918960074CAE9;
			productRefGroup = 85B7E4CE22B918960074CAE9 /* Products */;
			projectDirPath = "";
			projectRoot = "";
			targets = (
				85B7E4CC22B918960074CAE9 /* kTranslate */,
				85B7E58A22B920D60074CAE9 /* LauncherApplication */,
			);
		};
/* End PBXProject section */

/* Begin PBXResourcesBuildPhase section */
		85B7E4CB22B918960074CAE9 /* Resources */ = {
			isa = PBXResourcesBuildPhase;
			buildActionMask = 2147483647;
			files = (
				85B7E51322B918B00074CAE9 /* Info.plist in Resources */,
				85B7E51222B918B00074CAE9 /* Assets.xcassets in Resources */,
				85B7E51B22B918B00074CAE9 /* Main.storyboard in Resources */,
				85B7E51522B918B00074CAE9 /* Settings.storyboard in Resources */,
			);
			runOnlyForDeploymentPostprocessing = 0;
		};
		85B7E58922B920D60074CAE9 /* Resources */ = {
			isa = PBXResourcesBuildPhase;
			buildActionMask = 2147483647;
			files = (
				85B7E59222B920D60074CAE9 /* Assets.xcassets in Resources */,
				85B7E59522B920D60074CAE9 /* Main.storyboard in Resources */,
			);
			runOnlyForDeploymentPostprocessing = 0;
		};
/* End PBXResourcesBuildPhase section */

/* Begin PBXShellScriptBuildPhase section */
		A0413B8C8B3C9543319249C1 /* [CP] Embed Pods Frameworks */ = {
			isa = PBXShellScriptBuildPhase;
			buildActionMask = 2147483647;
			files = (
			);
			inputFileListPaths = (
				"${PODS_ROOT}/Target Support Files/Pods-kTranslate/Pods-kTranslate-frameworks-${CONFIGURATION}-input-files.xcfilelist",
			);
			name = "[CP] Embed Pods Frameworks";
			outputFileListPaths = (
				"${PODS_ROOT}/Target Support Files/Pods-kTranslate/Pods-kTranslate-frameworks-${CONFIGURATION}-output-files.xcfilelist",
			);
			runOnlyForDeploymentPostprocessing = 0;
			shellPath = /bin/sh;
			shellScript = "\"${PODS_ROOT}/Target Support Files/Pods-kTranslate/Pods-kTranslate-frameworks.sh\"\n";
			showEnvVarsInLog = 0;
		};
		DB9B2C224B7841B2F5264090 /* [CP] Check Pods Manifest.lock */ = {
			isa = PBXShellScriptBuildPhase;
			buildActionMask = 2147483647;
			files = (
			);
			inputFileListPaths = (
			);
			inputPaths = (
				"${PODS_PODFILE_DIR_PATH}/Podfile.lock",
				"${PODS_ROOT}/Manifest.lock",
			);
			name = "[CP] Check Pods Manifest.lock";
			outputFileListPaths = (
			);
			outputPaths = (
				"$(DERIVED_FILE_DIR)/Pods-kTranslate-checkManifestLockResult.txt",
			);
			runOnlyForDeploymentPostprocessing = 0;
			shellPath = /bin/sh;
			shellScript = "diff \"${PODS_PODFILE_DIR_PATH}/Podfile.lock\" \"${PODS_ROOT}/Manifest.lock\" > /dev/null\nif [ $? != 0 ] ; then\n    # print error to STDERR\n    echo \"error: The sandbox is not in sync with the Podfile.lock. Run 'pod install' or update your CocoaPods installation.\" >&2\n    exit 1\nfi\n# This output is used by Xcode 'outputs' to avoid re-running this script phase.\necho \"SUCCESS\" > \"${SCRIPT_OUTPUT_FILE_0}\"\n";
			showEnvVarsInLog = 0;
		};
/* End PBXShellScriptBuildPhase section */

/* Begin PBXSourcesBuildPhase section */
		85B7E4C922B918960074CAE9 /* Sources */ = {
			isa = PBXSourcesBuildPhase;
			buildActionMask = 2147483647;
			files = (
				85B7E51722B918B00074CAE9 /* Settings_About.swift in Sources */,
				85B7E51822B918B00074CAE9 /* Settings_Welcome.swift in Sources */,
				85B7E50722B918B00074CAE9 /* FMDatabaseQueue.m in Sources */,
				85B7E50B22B918B00074CAE9 /* DynamicTextField.swift in Sources */,
				85B7E51122B918B00074CAE9 /* PopoverController.swift in Sources */,
				85B7E50522B918B00074CAE9 /* Constants.swift in Sources */,
				85B7E51922B918B00074CAE9 /* AppDelegate.swift in Sources */,
				85B7E51622B918B00074CAE9 /* Settings_Preferences.swift in Sources */,
				85B7E51A22B918B00074CAE9 /* MainPopOverVC.swift in Sources */,
				85B7E50922B918B00074CAE9 /* FMDatabasePool.m in Sources */,
				85B7E51022B918B00074CAE9 /* CommonUtil.swift in Sources */,
				85B7E50D22B918B00074CAE9 /* HotKeyManager.swift in Sources */,
				D2FB6DF82319075E008881FF /* VMKakaoTranslate.swift in Sources */,
				D254CF512317C36A0002676C /* VMGoogleTranslate.swift in Sources */,
				85B7E51422B918B00074CAE9 /* Settings_Left.swift in Sources */,
				85B7E51C22B918B00074CAE9 /* SplitVC_Sticker.swift in Sources */,
				85B7E50A22B918B00074CAE9 /* DBSticker.swift in Sources */,
				85B7E50622B918B00074CAE9 /* DBManager.swift in Sources */,
				85B7E50C22B918B00074CAE9 /* AutoLogin.swift in Sources */,
				85B7E50E22B918B00074CAE9 /* CTWindowController.swift in Sources */,
				D2FB6DF6231902B4008881FF /* VMPapagoTranslate.swift in Sources */,
				85B7E50822B918B00074CAE9 /* FMDatabaseAdditions.m in Sources */,
				85B7E50F22B918B00074CAE9 /* CTCircleButton.swift in Sources */,
			);
			runOnlyForDeploymentPostprocessing = 0;
		};
		85B7E58722B920D60074CAE9 /* Sources */ = {
			isa = PBXSourcesBuildPhase;
			buildActionMask = 2147483647;
			files = (
				85B7E58E22B920D60074CAE9 /* AppDelegate.swift in Sources */,
			);
			runOnlyForDeploymentPostprocessing = 0;
		};
/* End PBXSourcesBuildPhase section */

/* Begin PBXVariantGroup section */
		85B7E50222B918B00074CAE9 /* Main.storyboard */ = {
			isa = PBXVariantGroup;
			children = (
				85B7E50322B918B00074CAE9 /* Base */,
			);
			name = Main.storyboard;
			sourceTree = "<group>";
		};
		85B7E59322B920D60074CAE9 /* Main.storyboard */ = {
			isa = PBXVariantGroup;
			children = (
				85B7E59422B920D60074CAE9 /* Base */,
			);
			name = Main.storyboard;
			sourceTree = "<group>";
		};
/* End PBXVariantGroup section */

/* Begin XCBuildConfiguration section */
		85B7E4DB22B918970074CAE9 /* Debug */ = {
			isa = XCBuildConfiguration;
			buildSettings = {
				ALWAYS_SEARCH_USER_PATHS = NO;
				CLANG_ANALYZER_NONNULL = YES;
				CLANG_ANALYZER_NUMBER_OBJECT_CONVERSION = YES_AGGRESSIVE;
				CLANG_CXX_LANGUAGE_STANDARD = "gnu++14";
				CLANG_CXX_LIBRARY = "libc++";
				CLANG_ENABLE_MODULES = YES;
				CLANG_ENABLE_OBJC_ARC = YES;
				CLANG_ENABLE_OBJC_WEAK = YES;
				CLANG_WARN_BLOCK_CAPTURE_AUTORELEASING = YES;
				CLANG_WARN_BOOL_CONVERSION = YES;
				CLANG_WARN_COMMA = YES;
				CLANG_WARN_CONSTANT_CONVERSION = YES;
				CLANG_WARN_DEPRECATED_OBJC_IMPLEMENTATIONS = YES;
				CLANG_WARN_DIRECT_OBJC_ISA_USAGE = YES_ERROR;
				CLANG_WARN_DOCUMENTATION_COMMENTS = YES;
				CLANG_WARN_EMPTY_BODY = YES;
				CLANG_WARN_ENUM_CONVERSION = YES;
				CLANG_WARN_INFINITE_RECURSION = YES;
				CLANG_WARN_INT_CONVERSION = YES;
				CLANG_WARN_NON_LITERAL_NULL_CONVERSION = YES;
				CLANG_WARN_OBJC_IMPLICIT_RETAIN_SELF = YES;
				CLANG_WARN_OBJC_LITERAL_CONVERSION = YES;
				CLANG_WARN_OBJC_ROOT_CLASS = YES_ERROR;
				CLANG_WARN_RANGE_LOOP_ANALYSIS = YES;
				CLANG_WARN_STRICT_PROTOTYPES = YES;
				CLANG_WARN_SUSPICIOUS_MOVE = YES;
				CLANG_WARN_UNGUARDED_AVAILABILITY = YES_AGGRESSIVE;
				CLANG_WARN_UNREACHABLE_CODE = YES;
				CLANG_WARN__DUPLICATE_METHOD_MATCH = YES;
				CODE_SIGN_IDENTITY = "Mac Developer";
				COPY_PHASE_STRIP = NO;
				DEBUG_INFORMATION_FORMAT = dwarf;
				ENABLE_STRICT_OBJC_MSGSEND = YES;
				ENABLE_TESTABILITY = YES;
				GCC_C_LANGUAGE_STANDARD = gnu11;
				GCC_DYNAMIC_NO_PIC = NO;
				GCC_NO_COMMON_BLOCKS = YES;
				GCC_OPTIMIZATION_LEVEL = 0;
				GCC_PREPROCESSOR_DEFINITIONS = (
					"DEBUG=1",
					"$(inherited)",
				);
				GCC_WARN_64_TO_32_BIT_CONVERSION = YES;
				GCC_WARN_ABOUT_RETURN_TYPE = YES_ERROR;
				GCC_WARN_UNDECLARED_SELECTOR = YES;
				GCC_WARN_UNINITIALIZED_AUTOS = YES_AGGRESSIVE;
				GCC_WARN_UNUSED_FUNCTION = YES;
				GCC_WARN_UNUSED_VARIABLE = YES;
				MACOSX_DEPLOYMENT_TARGET = 10.14;
				MTL_ENABLE_DEBUG_INFO = INCLUDE_SOURCE;
				MTL_FAST_MATH = YES;
				ONLY_ACTIVE_ARCH = YES;
				SDKROOT = macosx;
				SWIFT_ACTIVE_COMPILATION_CONDITIONS = DEBUG;
				SWIFT_OPTIMIZATION_LEVEL = "-Onone";
			};
			name = Debug;
		};
		85B7E4DC22B918970074CAE9 /* Release */ = {
			isa = XCBuildConfiguration;
			buildSettings = {
				ALWAYS_SEARCH_USER_PATHS = NO;
				CLANG_ANALYZER_NONNULL = YES;
				CLANG_ANALYZER_NUMBER_OBJECT_CONVERSION = YES_AGGRESSIVE;
				CLANG_CXX_LANGUAGE_STANDARD = "gnu++14";
				CLANG_CXX_LIBRARY = "libc++";
				CLANG_ENABLE_MODULES = YES;
				CLANG_ENABLE_OBJC_ARC = YES;
				CLANG_ENABLE_OBJC_WEAK = YES;
				CLANG_WARN_BLOCK_CAPTURE_AUTORELEASING = YES;
				CLANG_WARN_BOOL_CONVERSION = YES;
				CLANG_WARN_COMMA = YES;
				CLANG_WARN_CONSTANT_CONVERSION = YES;
				CLANG_WARN_DEPRECATED_OBJC_IMPLEMENTATIONS = YES;
				CLANG_WARN_DIRECT_OBJC_ISA_USAGE = YES_ERROR;
				CLANG_WARN_DOCUMENTATION_COMMENTS = YES;
				CLANG_WARN_EMPTY_BODY = YES;
				CLANG_WARN_ENUM_CONVERSION = YES;
				CLANG_WARN_INFINITE_RECURSION = YES;
				CLANG_WARN_INT_CONVERSION = YES;
				CLANG_WARN_NON_LITERAL_NULL_CONVERSION = YES;
				CLANG_WARN_OBJC_IMPLICIT_RETAIN_SELF = YES;
				CLANG_WARN_OBJC_LITERAL_CONVERSION = YES;
				CLANG_WARN_OBJC_ROOT_CLASS = YES_ERROR;
				CLANG_WARN_RANGE_LOOP_ANALYSIS = YES;
				CLANG_WARN_STRICT_PROTOTYPES = YES;
				CLANG_WARN_SUSPICIOUS_MOVE = YES;
				CLANG_WARN_UNGUARDED_AVAILABILITY = YES_AGGRESSIVE;
				CLANG_WARN_UNREACHABLE_CODE = YES;
				CLANG_WARN__DUPLICATE_METHOD_MATCH = YES;
				CODE_SIGN_IDENTITY = "Mac Developer";
				COPY_PHASE_STRIP = NO;
				DEBUG_INFORMATION_FORMAT = "dwarf-with-dsym";
				ENABLE_NS_ASSERTIONS = NO;
				ENABLE_STRICT_OBJC_MSGSEND = YES;
				GCC_C_LANGUAGE_STANDARD = gnu11;
				GCC_NO_COMMON_BLOCKS = YES;
				GCC_WARN_64_TO_32_BIT_CONVERSION = YES;
				GCC_WARN_ABOUT_RETURN_TYPE = YES_ERROR;
				GCC_WARN_UNDECLARED_SELECTOR = YES;
				GCC_WARN_UNINITIALIZED_AUTOS = YES_AGGRESSIVE;
				GCC_WARN_UNUSED_FUNCTION = YES;
				GCC_WARN_UNUSED_VARIABLE = YES;
				MACOSX_DEPLOYMENT_TARGET = 10.14;
				MTL_ENABLE_DEBUG_INFO = NO;
				MTL_FAST_MATH = YES;
				SDKROOT = macosx;
				SWIFT_COMPILATION_MODE = wholemodule;
				SWIFT_OPTIMIZATION_LEVEL = "-O";
			};
			name = Release;
		};
		85B7E4DE22B918970074CAE9 /* Debug */ = {
			isa = XCBuildConfiguration;
			buildSettings = {
				ASSETCATALOG_COMPILER_APPICON_NAME = AppIcon;
				CODE_SIGN_ENTITLEMENTS = kTranslate/SupportFiles/kTranslate.entitlements;
				CODE_SIGN_IDENTITY = "Mac Developer";
				CODE_SIGN_STYLE = Automatic;
				COMBINE_HIDPI_IMAGES = YES;
				DEVELOPMENT_TEAM = 6QG49X22JS;
				INFOPLIST_FILE = "$(SRCROOT)/kTranslate/SupportFiles/Info.plist";
				LD_RUNPATH_SEARCH_PATHS = (
					"$(inherited)",
					"@executable_path/../Frameworks",
				);
				MACOSX_DEPLOYMENT_TARGET = 10.12;
				PRODUCT_BUNDLE_IDENTIFIER = tk.bugking.kTranslate;
				PRODUCT_NAME = "$(TARGET_NAME)";
				PROVISIONING_PROFILE_SPECIFIER = "";
				SWIFT_VERSION = 5.0;
			};
			name = Debug;
		};
		85B7E4DF22B918970074CAE9 /* Release */ = {
			isa = XCBuildConfiguration;
			buildSettings = {
				ASSETCATALOG_COMPILER_APPICON_NAME = AppIcon;
				CODE_SIGN_ENTITLEMENTS = kTranslate/SupportFiles/kTranslate.entitlements;
				CODE_SIGN_IDENTITY = "Mac Developer";
				CODE_SIGN_STYLE = Automatic;
				COMBINE_HIDPI_IMAGES = YES;
				DEVELOPMENT_TEAM = 6QG49X22JS;
				INFOPLIST_FILE = "$(SRCROOT)/kTranslate/SupportFiles/Info.plist";
				LD_RUNPATH_SEARCH_PATHS = (
					"$(inherited)",
					"@executable_path/../Frameworks",
				);
				MACOSX_DEPLOYMENT_TARGET = 10.12;
				PRODUCT_BUNDLE_IDENTIFIER = tk.bugking.kTranslate;
				PRODUCT_NAME = "$(TARGET_NAME)";
				PROVISIONING_PROFILE_SPECIFIER = "";
				SWIFT_VERSION = 5.0;
			};
			name = Release;
		};
		85B7E59922B920D60074CAE9 /* Debug */ = {
			isa = XCBuildConfiguration;
			buildSettings = {
				ASSETCATALOG_COMPILER_APPICON_NAME = AppIcon;
				CODE_SIGN_ENTITLEMENTS = LauncherApplication/LauncherApplication.entitlements;
				CODE_SIGN_STYLE = Automatic;
				COMBINE_HIDPI_IMAGES = YES;
				DEVELOPMENT_TEAM = 6QG49X22JS;
				INFOPLIST_FILE = LauncherApplication/Info.plist;
				LD_RUNPATH_SEARCH_PATHS = (
					"$(inherited)",
					"@executable_path/../Frameworks",
				);
				MACOSX_DEPLOYMENT_TARGET = 10.12;
				PRODUCT_BUNDLE_IDENTIFIER = tk.bugking.LauncherApplication;
				PRODUCT_NAME = "$(TARGET_NAME)";
				SKIP_INSTALL = YES;
				SWIFT_VERSION = 5.0;
			};
			name = Debug;
		};
		85B7E59A22B920D60074CAE9 /* Release */ = {
			isa = XCBuildConfiguration;
			buildSettings = {
				ASSETCATALOG_COMPILER_APPICON_NAME = AppIcon;
				CODE_SIGN_ENTITLEMENTS = LauncherApplication/LauncherApplication.entitlements;
				CODE_SIGN_STYLE = Automatic;
				COMBINE_HIDPI_IMAGES = YES;
				DEVELOPMENT_TEAM = 6QG49X22JS;
				INFOPLIST_FILE = LauncherApplication/Info.plist;
				LD_RUNPATH_SEARCH_PATHS = (
					"$(inherited)",
					"@executable_path/../Frameworks",
				);
				MACOSX_DEPLOYMENT_TARGET = 10.12;
				PRODUCT_BUNDLE_IDENTIFIER = tk.bugking.LauncherApplication;
				PRODUCT_NAME = "$(TARGET_NAME)";
				SKIP_INSTALL = YES;
				SWIFT_VERSION = 5.0;
			};
			name = Release;
		};
/* End XCBuildConfiguration section */

/* Begin XCConfigurationList section */
		85B7E4C822B918960074CAE9 /* Build configuration list for PBXProject "kTranslate" */ = {
			isa = XCConfigurationList;
			buildConfigurations = (
				85B7E4DB22B918970074CAE9 /* Debug */,
				85B7E4DC22B918970074CAE9 /* Release */,
			);
			defaultConfigurationIsVisible = 0;
			defaultConfigurationName = Release;
		};
		85B7E4DD22B918970074CAE9 /* Build configuration list for PBXNativeTarget "kTranslate" */ = {
			isa = XCConfigurationList;
			buildConfigurations = (
				85B7E4DE22B918970074CAE9 /* Debug */,
				85B7E4DF22B918970074CAE9 /* Release */,
			);
			defaultConfigurationIsVisible = 0;
			defaultConfigurationName = Release;
		};
		85B7E59822B920D60074CAE9 /* Build configuration list for PBXNativeTarget "LauncherApplication" */ = {
			isa = XCConfigurationList;
			buildConfigurations = (
				85B7E59922B920D60074CAE9 /* Debug */,
				85B7E59A22B920D60074CAE9 /* Release */,
			);
			defaultConfigurationIsVisible = 0;
			defaultConfigurationName = Release;
		};
/* End XCConfigurationList section */
	};
	rootObject = 85B7E4C522B918960074CAE9 /* Project object */;
}
