PODS:
  - FMDB (2.7.5):
    - FMDB/standard (= 2.7.5)
  - FMDB/standard (2.7.5)
  - Google-Analytics-for-OS-X (1.1)
  - MASShortcut (2.3.6)

DEPENDENCIES:
  - FMDB
  - Google-Analytics-for-OS-X
  - MASShortcut

SPEC REPOS:
  https://github.com/cocoapods/specs.git:
    - FMDB
    - Google-Analytics-for-OS-X
    - MASShortcut

SPEC CHECKSUMS:
  FMDB: 2ce00b547f966261cd18927a3ddb07cb6f3db82a
  Google-Analytics-for-OS-X: 66376760d74d980fd81ad48b125c5496d3d4402a
  MASShortcut: 9c215e8a8a78f3d01ce56da48e2730ab66b538fa

PODFILE CHECKSUM: 255906750c742f61ad36ad4121492cd9e953622a

COCOAPODS: 1.7.0.rc.1
